// !$*UTF8*$!
{
	archiveVersion = 1;
	classes = {
	};
	objectVersion = 45;
	objects = {

/* Begin PBXBuildFile section */
		29DCAB661112C517006DAF70 /* LAPrefsGeneralModule.xib in Resources */ = {isa = PBXBuildFile; fileRef = AAB3474B1111964A00C270B4 /* LAPrefsGeneralModule.xib */; };
		29DCAB671112C517006DAF70 /* LAPrefsAccountsModule.xib in Resources */ = {isa = PBXBuildFile; fileRef = AAB3489F111211C600C270B4 /* LAPrefsAccountsModule.xib */; };
		29DCAB681112C517006DAF70 /* LAPrefsFontsAndColorsModule.xib in Resources */ = {isa = PBXBuildFile; fileRef = AAB347491111964200C270B4 /* LAPrefsFontsAndColorsModule.xib */; };
		8D15AC340486D014006FF6A4 /* Cocoa.framework in Frameworks */ = {isa = PBXBuildFile; fileRef = 1058C7A7FEA54F5311CA2CBB /* Cocoa.framework */; };
		96D9712C11142FB100EBE2FE /* Letters.icns in Resources */ = {isa = PBXBuildFile; fileRef = 96D9712B11142FAE00EBE2FE /* Letters.icns */; };
		AAB3471511117A8800C270B4 /* LAPrefsGeneralModule.m in Sources */ = {isa = PBXBuildFile; fileRef = AAB3471411117A8800C270B4 /* LAPrefsGeneralModule.m */; };
		AAB34744111195D400C270B4 /* LAPrefsFontsAndColorsModule.m in Sources */ = {isa = PBXBuildFile; fileRef = AAB34743111195D400C270B4 /* LAPrefsFontsAndColorsModule.m */; };
		AAB3489B1112118600C270B4 /* LAPrefsAccountsModule.m in Sources */ = {isa = PBXBuildFile; fileRef = AAB3489A1112118600C270B4 /* LAPrefsAccountsModule.m */; };
		CC517470110ACD9900C01407 /* LetterBox.framework in Frameworks */ = {isa = PBXBuildFile; fileRef = CC51746F110ACD9900C01407 /* LetterBox.framework */; };
		CC517487110ACDA800C01407 /* LetterBox.framework in Copy Frameworks */ = {isa = PBXBuildFile; fileRef = CC51746F110ACD9900C01407 /* LetterBox.framework */; };
		CC6D05F6110A491C00D900E9 /* MailView.xib in Resources */ = {isa = PBXBuildFile; fileRef = CCA554551106E1FE00CEEFF4 /* MailView.xib */; };
		CC9C527D1107A961008ED850 /* AddressBook.framework in Frameworks */ = {isa = PBXBuildFile; fileRef = CC9C527C1107A961008ED850 /* AddressBook.framework */; };
		CCA5542B1106DDF800CEEFF4 /* Credits.rtf in Resources */ = {isa = PBXBuildFile; fileRef = CCA554231106DDF800CEEFF4 /* Credits.rtf */; };
		CCA5542D1106DDF800CEEFF4 /* LADocument.xib in Resources */ = {isa = PBXBuildFile; fileRef = CCA554271106DDF800CEEFF4 /* LADocument.xib */; };
		CCA5542E1106DDF800CEEFF4 /* MainMenu.xib in Resources */ = {isa = PBXBuildFile; fileRef = CCA554291106DDF800CEEFF4 /* MainMenu.xib */; };
		CCA554311106DE0500CEEFF4 /* InfoPlist.strings in Resources */ = {isa = PBXBuildFile; fileRef = CCA554251106DDF800CEEFF4 /* InfoPlist.strings */; };
		CCA554341106DE0E00CEEFF4 /* main.m in Sources */ = {isa = PBXBuildFile; fileRef = CCA554331106DE0E00CEEFF4 /* main.m */; };
		CCA554371106DE1300CEEFF4 /* LADocument.m in Sources */ = {isa = PBXBuildFile; fileRef = CCA554361106DE1300CEEFF4 /* LADocument.m */; };
		CCA5544D1106DF4D00CEEFF4 /* LAAppDelegate.m in Sources */ = {isa = PBXBuildFile; fileRef = CCA5544C1106DF4D00CEEFF4 /* LAAppDelegate.m */; };
		CCA554541106E1BE00CEEFF4 /* LAMailViewController.m in Sources */ = {isa = PBXBuildFile; fileRef = CCA554531106E1BE00CEEFF4 /* LAMailViewController.m */; };
		CCA554841106EBBC00CEEFF4 /* LAPrefsWindowController.m in Sources */ = {isa = PBXBuildFile; fileRef = CCA554831106EBBC00CEEFF4 /* LAPrefsWindowController.m */; };
		CCBF0EEE1111652C00B99B64 /* toolbar-getmail.png in Resources */ = {isa = PBXBuildFile; fileRef = CCBF0EED1111652C00B99B64 /* toolbar-getmail.png */; };
		CCBF0EF0111165C000B99B64 /* toolbar-reply.png in Resources */ = {isa = PBXBuildFile; fileRef = CCBF0EEF111165C000B99B64 /* toolbar-reply.png */; };
		CCBF0EF21111675A00B99B64 /* toolbar-new.png in Resources */ = {isa = PBXBuildFile; fileRef = CCBF0EF11111675A00B99B64 /* toolbar-new.png */; };
		CCF4131F110D36D400401D5D /* LAActivityViewer.m in Sources */ = {isa = PBXBuildFile; fileRef = CCF4131E110D36D400401D5D /* LAActivityViewer.m */; };
		CCF41324110D380800401D5D /* ActivityViewer.xib in Resources */ = {isa = PBXBuildFile; fileRef = CCF41322110D380800401D5D /* ActivityViewer.xib */; };
		CE3B37AE1113FC740073E972 /* LAPrefsCreateAccountController.m in Sources */ = {isa = PBXBuildFile; fileRef = CE3B37AD1113FC740073E972 /* LAPrefsCreateAccountController.m */; };
		CE3B37B71113FCFE0073E972 /* CreateAccount.xib in Resources */ = {isa = PBXBuildFile; fileRef = CE3B37B51113FCFE0073E972 /* CreateAccount.xib */; };
/* End PBXBuildFile section */

/* Begin PBXContainerItemProxy section */
		CC199C8711093BE20057E87E /* PBXContainerItemProxy */ = {
			isa = PBXContainerItemProxy;
			containerPortal = CCA554CD1106F2D600CEEFF4 /* LetterBox.xcodeproj */;
			proxyType = 1;
			remoteGlobalIDString = 8DC2EF4F0486A6940098B216;
			remoteInfo = LetterBox;
		};
		CCA554D21106F2D600CEEFF4 /* PBXContainerItemProxy */ = {
			isa = PBXContainerItemProxy;
			containerPortal = CCA554CD1106F2D600CEEFF4 /* LetterBox.xcodeproj */;
			proxyType = 2;
			remoteGlobalIDString = 8DC2EF5B0486A6940098B216;
			remoteInfo = LetterBox;
		};
		CCA554D41106F2D600CEEFF4 /* PBXContainerItemProxy */ = {
			isa = PBXContainerItemProxy;
			containerPortal = CCA554CD1106F2D600CEEFF4 /* LetterBox.xcodeproj */;
			proxyType = 2;
			remoteGlobalIDString = F82D7C810F48AC8500ADA65C;
			remoteInfo = Tests;
		};
/* End PBXContainerItemProxy section */

/* Begin PBXCopyFilesBuildPhase section */
		CCA554DB1106F2F100CEEFF4 /* Copy Frameworks */ = {
			isa = PBXCopyFilesBuildPhase;
			buildActionMask = 2147483647;
			dstPath = "";
			dstSubfolderSpec = 10;
			files = (
				CC517487110ACDA800C01407 /* LetterBox.framework in Copy Frameworks */,
			);
			name = "Copy Frameworks";
			runOnlyForDeploymentPostprocessing = 0;
		};
/* End PBXCopyFilesBuildPhase section */

/* Begin PBXFileReference section */
		1058C7A7FEA54F5311CA2CBB /* Cocoa.framework */ = {isa = PBXFileReference; lastKnownFileType = wrapper.framework; name = Cocoa.framework; path = /System/Library/Frameworks/Cocoa.framework; sourceTree = "<absolute>"; };
		13E42FBA07B3F13500E4EEF1 /* CoreData.framework */ = {isa = PBXFileReference; lastKnownFileType = wrapper.framework; name = CoreData.framework; path = /System/Library/Frameworks/CoreData.framework; sourceTree = "<absolute>"; };
		2A37F4C4FDCFA73011CA2CEA /* AppKit.framework */ = {isa = PBXFileReference; lastKnownFileType = wrapper.framework; name = AppKit.framework; path = /System/Library/Frameworks/AppKit.framework; sourceTree = "<absolute>"; };
		2A37F4C5FDCFA73011CA2CEA /* Foundation.framework */ = {isa = PBXFileReference; lastKnownFileType = wrapper.framework; name = Foundation.framework; path = /System/Library/Frameworks/Foundation.framework; sourceTree = "<absolute>"; };
		8D15AC370486D014006FF6A4 /* CrashyEmailApp.app */ = {isa = PBXFileReference; explicitFileType = wrapper.application; includeInIndex = 0; path = CrashyEmailApp.app; sourceTree = BUILT_PRODUCTS_DIR; };
		96D9712B11142FAE00EBE2FE /* Letters.icns */ = {isa = PBXFileReference; lastKnownFileType = image.icns; name = Letters.icns; path = resources/images/Letters.icns; sourceTree = "<group>"; };
		AAB3471311117A8800C270B4 /* LAPrefsGeneralModule.h */ = {isa = PBXFileReference; fileEncoding = 4; lastKnownFileType = sourcecode.c.h; name = LAPrefsGeneralModule.h; path = source/prefs/LAPrefsGeneralModule.h; sourceTree = "<group>"; };
		AAB3471411117A8800C270B4 /* LAPrefsGeneralModule.m */ = {isa = PBXFileReference; fileEncoding = 4; lastKnownFileType = sourcecode.c.objc; name = LAPrefsGeneralModule.m; path = source/prefs/LAPrefsGeneralModule.m; sourceTree = "<group>"; };
		AAB3471A11117FA700C270B4 /* English */ = {isa = PBXFileReference; lastKnownFileType = file.xib; name = English; path = resources/English.lproj/LAPrefsGeneralModule.xib; sourceTree = "<group>"; };
		AAB34742111195D400C270B4 /* LAPrefsFontsAndColorsModule.h */ = {isa = PBXFileReference; fileEncoding = 4; lastKnownFileType = sourcecode.c.h; name = LAPrefsFontsAndColorsModule.h; path = source/prefs/LAPrefsFontsAndColorsModule.h; sourceTree = "<group>"; };
		AAB34743111195D400C270B4 /* LAPrefsFontsAndColorsModule.m */ = {isa = PBXFileReference; fileEncoding = 4; lastKnownFileType = sourcecode.c.objc; name = LAPrefsFontsAndColorsModule.m; path = source/prefs/LAPrefsFontsAndColorsModule.m; sourceTree = "<group>"; };
		AAB347451111961D00C270B4 /* English */ = {isa = PBXFileReference; lastKnownFileType = file.xib; name = English; path = resources/English.lproj/LAPrefsFontsAndColorsModule.xib; sourceTree = "<group>"; };
		AAB348991112118600C270B4 /* LAPrefsAccountsModule.h */ = {isa = PBXFileReference; fileEncoding = 4; lastKnownFileType = sourcecode.c.h; name = LAPrefsAccountsModule.h; path = source/prefs/LAPrefsAccountsModule.h; sourceTree = "<group>"; };
		AAB3489A1112118600C270B4 /* LAPrefsAccountsModule.m */ = {isa = PBXFileReference; fileEncoding = 4; lastKnownFileType = sourcecode.c.objc; name = LAPrefsAccountsModule.m; path = source/prefs/LAPrefsAccountsModule.m; sourceTree = "<group>"; };
		AAB3489D111211C000C270B4 /* English */ = {isa = PBXFileReference; lastKnownFileType = file.xib; name = English; path = resources/English.lproj/LAPrefsAccountsModule.xib; sourceTree = "<group>"; };
		CC51746F110ACD9900C01407 /* LetterBox.framework */ = {isa = PBXFileReference; lastKnownFileType = wrapper.framework; path = LetterBox.framework; sourceTree = BUILT_PRODUCTS_DIR; };
		CC9C527C1107A961008ED850 /* AddressBook.framework */ = {isa = PBXFileReference; lastKnownFileType = wrapper.framework; name = AddressBook.framework; path = System/Library/Frameworks/AddressBook.framework; sourceTree = SDKROOT; };
		CCA554241106DDF800CEEFF4 /* English */ = {isa = PBXFileReference; lastKnownFileType = text.rtf; name = English; path = resources/English.lproj/Credits.rtf; sourceTree = "<group>"; };
		CCA554261106DDF800CEEFF4 /* English */ = {isa = PBXFileReference; fileEncoding = 4; lastKnownFileType = text.plist.strings; name = English; path = resources/English.lproj/InfoPlist.strings; sourceTree = "<group>"; };
		CCA554281106DDF800CEEFF4 /* English */ = {isa = PBXFileReference; lastKnownFileType = file.xib; name = English; path = resources/English.lproj/LADocument.xib; sourceTree = "<group>"; };
		CCA5542A1106DDF800CEEFF4 /* English */ = {isa = PBXFileReference; lastKnownFileType = file.xib; name = English; path = resources/English.lproj/MainMenu.xib; sourceTree = "<group>"; };
		CCA5542F1106DE0300CEEFF4 /* Letters-Info.plist */ = {isa = PBXFileReference; fileEncoding = 4; lastKnownFileType = text.plist.xml; name = "Letters-Info.plist"; path = "resources/Letters-Info.plist"; sourceTree = "<group>"; };
		CCA554321106DE0E00CEEFF4 /* Letters_Prefix.pch */ = {isa = PBXFileReference; fileEncoding = 4; lastKnownFileType = sourcecode.c.h; name = Letters_Prefix.pch; path = source/Letters_Prefix.pch; sourceTree = "<group>"; };
		CCA554331106DE0E00CEEFF4 /* main.m */ = {isa = PBXFileReference; fileEncoding = 4; lastKnownFileType = sourcecode.c.objc; name = main.m; path = source/main.m; sourceTree = "<group>"; };
		CCA554351106DE1300CEEFF4 /* LADocument.h */ = {isa = PBXFileReference; fileEncoding = 4; lastKnownFileType = sourcecode.c.h; name = LADocument.h; path = source/LADocument.h; sourceTree = "<group>"; };
		CCA554361106DE1300CEEFF4 /* LADocument.m */ = {isa = PBXFileReference; fileEncoding = 4; lastKnownFileType = sourcecode.c.objc; name = LADocument.m; path = source/LADocument.m; sourceTree = "<group>"; };
		CCA5544B1106DF4D00CEEFF4 /* LAAppDelegate.h */ = {isa = PBXFileReference; fileEncoding = 4; lastKnownFileType = sourcecode.c.h; name = LAAppDelegate.h; path = source/LAAppDelegate.h; sourceTree = "<group>"; };
		CCA5544C1106DF4D00CEEFF4 /* LAAppDelegate.m */ = {isa = PBXFileReference; fileEncoding = 4; lastKnownFileType = sourcecode.c.objc; name = LAAppDelegate.m; path = source/LAAppDelegate.m; sourceTree = "<group>"; };
		CCA554521106E1BE00CEEFF4 /* LAMailViewController.h */ = {isa = PBXFileReference; fileEncoding = 4; lastKnownFileType = sourcecode.c.h; name = LAMailViewController.h; path = source/LAMailViewController.h; sourceTree = "<group>"; };
		CCA554531106E1BE00CEEFF4 /* LAMailViewController.m */ = {isa = PBXFileReference; fileEncoding = 4; lastKnownFileType = sourcecode.c.objc; name = LAMailViewController.m; path = source/LAMailViewController.m; sourceTree = "<group>"; };
		CCA554561106E1FE00CEEFF4 /* English */ = {isa = PBXFileReference; lastKnownFileType = file.xib; name = English; path = resources/English.lproj/MailView.xib; sourceTree = "<group>"; };
		CCA554821106EBBC00CEEFF4 /* LAPrefsWindowController.h */ = {isa = PBXFileReference; fileEncoding = 4; lastKnownFileType = sourcecode.c.h; name = LAPrefsWindowController.h; path = source/prefs/LAPrefsWindowController.h; sourceTree = "<group>"; };
		CCA554831106EBBC00CEEFF4 /* LAPrefsWindowController.m */ = {isa = PBXFileReference; fileEncoding = 4; lastKnownFileType = sourcecode.c.objc; name = LAPrefsWindowController.m; path = source/prefs/LAPrefsWindowController.m; sourceTree = "<group>"; };
		CCA554CD1106F2D600CEEFF4 /* LetterBox.xcodeproj */ = {isa = PBXFileReference; lastKnownFileType = "wrapper.pb-project"; name = LetterBox.xcodeproj; path = letterbox/LetterBox.xcodeproj; sourceTree = "<group>"; };
		CCBF0EED1111652C00B99B64 /* toolbar-getmail.png */ = {isa = PBXFileReference; lastKnownFileType = image.png; name = "toolbar-getmail.png"; path = "resources/images/toolbar-getmail.png"; sourceTree = "<group>"; };
		CCBF0EEF111165C000B99B64 /* toolbar-reply.png */ = {isa = PBXFileReference; lastKnownFileType = image.png; name = "toolbar-reply.png"; path = "resources/images/toolbar-reply.png"; sourceTree = "<group>"; };
		CCBF0EF11111675A00B99B64 /* toolbar-new.png */ = {isa = PBXFileReference; lastKnownFileType = image.png; name = "toolbar-new.png"; path = "resources/images/toolbar-new.png"; sourceTree = "<group>"; };
		CCF4131D110D36D400401D5D /* LAActivityViewer.h */ = {isa = PBXFileReference; fileEncoding = 4; lastKnownFileType = sourcecode.c.h; name = LAActivityViewer.h; path = source/LAActivityViewer.h; sourceTree = "<group>"; };
		CCF4131E110D36D400401D5D /* LAActivityViewer.m */ = {isa = PBXFileReference; fileEncoding = 4; lastKnownFileType = sourcecode.c.objc; name = LAActivityViewer.m; path = source/LAActivityViewer.m; sourceTree = "<group>"; };
		CCF41323110D380800401D5D /* English */ = {isa = PBXFileReference; lastKnownFileType = file.xib; name = English; path = resources/English.lproj/ActivityViewer.xib; sourceTree = "<group>"; };
		CE3B37AC1113FC740073E972 /* LAPrefsCreateAccountController.h */ = {isa = PBXFileReference; fileEncoding = 4; lastKnownFileType = sourcecode.c.h; name = LAPrefsCreateAccountController.h; path = ../letters/source/prefs/LAPrefsCreateAccountController.h; sourceTree = "<group>"; };
		CE3B37AD1113FC740073E972 /* LAPrefsCreateAccountController.m */ = {isa = PBXFileReference; fileEncoding = 4; lastKnownFileType = sourcecode.c.objc; name = LAPrefsCreateAccountController.m; path = ../letters/source/prefs/LAPrefsCreateAccountController.m; sourceTree = "<group>"; };
		CE3B37B61113FCFE0073E972 /* English */ = {isa = PBXFileReference; lastKnownFileType = file.xib; name = English; path = ../letters/resources/English.lproj/CreateAccount.xib; sourceTree = SOURCE_ROOT; };
/* End PBXFileReference section */

/* Begin PBXFrameworksBuildPhase section */
		8D15AC330486D014006FF6A4 /* Frameworks */ = {
			isa = PBXFrameworksBuildPhase;
			buildActionMask = 2147483647;
			files = (
				8D15AC340486D014006FF6A4 /* Cocoa.framework in Frameworks */,
				CC9C527D1107A961008ED850 /* AddressBook.framework in Frameworks */,
				CC517470110ACD9900C01407 /* LetterBox.framework in Frameworks */,
			);
			runOnlyForDeploymentPostprocessing = 0;
		};
/* End PBXFrameworksBuildPhase section */

/* Begin PBXGroup section */
		1058C7A6FEA54F5311CA2CBB /* Linked Frameworks */ = {
			isa = PBXGroup;
			children = (
				CC51746F110ACD9900C01407 /* LetterBox.framework */,
				1058C7A7FEA54F5311CA2CBB /* Cocoa.framework */,
				CC9C527C1107A961008ED850 /* AddressBook.framework */,
			);
			name = "Linked Frameworks";
			sourceTree = "<group>";
		};
		1058C7A8FEA54F5311CA2CBB /* Other Frameworks */ = {
			isa = PBXGroup;
			children = (
				2A37F4C4FDCFA73011CA2CEA /* AppKit.framework */,
				13E42FBA07B3F13500E4EEF1 /* CoreData.framework */,
				2A37F4C5FDCFA73011CA2CEA /* Foundation.framework */,
			);
			name = "Other Frameworks";
			sourceTree = "<group>";
		};
		19C28FB0FE9D524F11CA2CBB /* Products */ = {
			isa = PBXGroup;
			children = (
				8D15AC370486D014006FF6A4 /* CrashyEmailApp.app */,
			);
			name = Products;
			sourceTree = "<group>";
		};
		2A37F4AAFDCFA73011CA2CEA /* Letters */ = {
			isa = PBXGroup;
			children = (
				CCA554CD1106F2D600CEEFF4 /* LetterBox.xcodeproj */,
				2A37F4ABFDCFA73011CA2CEA /* Classes */,
				2A37F4AFFDCFA73011CA2CEA /* Other Sources */,
				2A37F4B8FDCFA73011CA2CEA /* Resources */,
				2A37F4C3FDCFA73011CA2CEA /* Frameworks */,
				19C28FB0FE9D524F11CA2CBB /* Products */,
			);
			name = Letters;
			sourceTree = "<group>";
		};
		2A37F4ABFDCFA73011CA2CEA /* Classes */ = {
			isa = PBXGroup;
			children = (
				CCF4131D110D36D400401D5D /* LAActivityViewer.h */,
				CCF4131E110D36D400401D5D /* LAActivityViewer.m */,
				CCA5544B1106DF4D00CEEFF4 /* LAAppDelegate.h */,
				CCA5544C1106DF4D00CEEFF4 /* LAAppDelegate.m */,
				CCA554351106DE1300CEEFF4 /* LADocument.h */,
				CCA554361106DE1300CEEFF4 /* LADocument.m */,
				CCA554521106E1BE00CEEFF4 /* LAMailViewController.h */,
				CCA554531106E1BE00CEEFF4 /* LAMailViewController.m */,
				AAB346E911115F0A00C270B4 /* Prefs */,
			);
			name = Classes;
			sourceTree = "<group>";
		};
		2A37F4AFFDCFA73011CA2CEA /* Other Sources */ = {
			isa = PBXGroup;
			children = (
				CCA554321106DE0E00CEEFF4 /* Letters_Prefix.pch */,
				CCA554331106DE0E00CEEFF4 /* main.m */,
			);
			name = "Other Sources";
			sourceTree = "<group>";
		};
		2A37F4B8FDCFA73011CA2CEA /* Resources */ = {
			isa = PBXGroup;
			children = (
				CC9C51EA11079A86008ED850 /* images */,
				CCA554581106E20500CEEFF4 /* xib */,
				CCA5542F1106DE0300CEEFF4 /* Letters-Info.plist */,
				CCA554231106DDF800CEEFF4 /* Credits.rtf */,
				CCA554251106DDF800CEEFF4 /* InfoPlist.strings */,
			);
			name = Resources;
			sourceTree = "<group>";
		};
		2A37F4C3FDCFA73011CA2CEA /* Frameworks */ = {
			isa = PBXGroup;
			children = (
				1058C7A6FEA54F5311CA2CBB /* Linked Frameworks */,
				1058C7A8FEA54F5311CA2CBB /* Other Frameworks */,
			);
			name = Frameworks;
			sourceTree = "<group>";
		};
		AAB346E911115F0A00C270B4 /* Prefs */ = {
			isa = PBXGroup;
			children = (
				CCA554821106EBBC00CEEFF4 /* LAPrefsWindowController.h */,
				CCA554831106EBBC00CEEFF4 /* LAPrefsWindowController.m */,
				AAB3471311117A8800C270B4 /* LAPrefsGeneralModule.h */,
				AAB3471411117A8800C270B4 /* LAPrefsGeneralModule.m */,
				AAB348991112118600C270B4 /* LAPrefsAccountsModule.h */,
				AAB3489A1112118600C270B4 /* LAPrefsAccountsModule.m */,
				CE3B37AC1113FC740073E972 /* LAPrefsCreateAccountController.h */,
				CE3B37AD1113FC740073E972 /* LAPrefsCreateAccountController.m */,
				AAB34742111195D400C270B4 /* LAPrefsFontsAndColorsModule.h */,
				AAB34743111195D400C270B4 /* LAPrefsFontsAndColorsModule.m */,
			);
			name = Prefs;
			sourceTree = "<group>";
		};
		CC9C51EA11079A86008ED850 /* images */ = {
			isa = PBXGroup;
			children = (
				96D9712B11142FAE00EBE2FE /* Letters.icns */,
				CCBF0EF11111675A00B99B64 /* toolbar-new.png */,
				CCBF0EEF111165C000B99B64 /* toolbar-reply.png */,
				CCBF0EED1111652C00B99B64 /* toolbar-getmail.png */,
			);
			name = images;
			sourceTree = "<group>";
		};
		CCA554581106E20500CEEFF4 /* xib */ = {
			isa = PBXGroup;
			children = (
				CE3B37B51113FCFE0073E972 /* CreateAccount.xib */,
				CCF41322110D380800401D5D /* ActivityViewer.xib */,
				CCA554271106DDF800CEEFF4 /* LADocument.xib */,
				CCA554551106E1FE00CEEFF4 /* MailView.xib */,
				CCA554291106DDF800CEEFF4 /* MainMenu.xib */,
				AAB3474B1111964A00C270B4 /* LAPrefsGeneralModule.xib */,
				AAB3489F111211C600C270B4 /* LAPrefsAccountsModule.xib */,
				AAB347491111964200C270B4 /* LAPrefsFontsAndColorsModule.xib */,
			);
			name = xib;
			sourceTree = "<group>";
		};
		CCA554CE1106F2D600CEEFF4 /* Products */ = {
			isa = PBXGroup;
			children = (
				CCA554D31106F2D600CEEFF4 /* LetterBox.framework */,
				CCA554D51106F2D600CEEFF4 /* Tests.app */,
			);
			name = Products;
			sourceTree = "<group>";
		};
/* End PBXGroup section */

/* Begin PBXNativeTarget section */
		8D15AC270486D014006FF6A4 /* Letters */ = {
			isa = PBXNativeTarget;
			buildConfigurationList = C05733C708A9546B00998B17 /* Build configuration list for PBXNativeTarget "Letters" */;
			buildPhases = (
				961F73AF110B9DFB00222EED /* ShellScript */,
				8D15AC2B0486D014006FF6A4 /* Resources */,
				8D15AC300486D014006FF6A4 /* Sources */,
				8D15AC330486D014006FF6A4 /* Frameworks */,
				CCA554DB1106F2F100CEEFF4 /* Copy Frameworks */,
			);
			buildRules = (
			);
			dependencies = (
				CC199C8811093BE20057E87E /* PBXTargetDependency */,
			);
			name = Letters;
			productInstallPath = "$(HOME)/Applications";
			productName = Letters;
			productReference = 8D15AC370486D014006FF6A4 /* CrashyEmailApp.app */;
			productType = "com.apple.product-type.application";
		};
/* End PBXNativeTarget section */

/* Begin PBXProject section */
		2A37F4A9FDCFA73011CA2CEA /* Project object */ = {
			isa = PBXProject;
			attributes = {
				ORGANIZATIONNAME = "Letters App";
			};
			buildConfigurationList = C05733CB08A9546B00998B17 /* Build configuration list for PBXProject "Letters" */;
			compatibilityVersion = "Xcode 3.1";
			hasScannedForEncodings = 1;
			mainGroup = 2A37F4AAFDCFA73011CA2CEA /* Letters */;
			projectDirPath = "";
			projectReferences = (
				{
					ProductGroup = CCA554CE1106F2D600CEEFF4 /* Products */;
					ProjectRef = CCA554CD1106F2D600CEEFF4 /* LetterBox.xcodeproj */;
				},
			);
			projectRoot = "";
			targets = (
				8D15AC270486D014006FF6A4 /* Letters */,
			);
		};
/* End PBXProject section */

/* Begin PBXReferenceProxy section */
		CCA554D31106F2D600CEEFF4 /* LetterBox.framework */ = {
			isa = PBXReferenceProxy;
			fileType = wrapper.framework;
			path = LetterBox.framework;
			remoteRef = CCA554D21106F2D600CEEFF4 /* PBXContainerItemProxy */;
			sourceTree = BUILT_PRODUCTS_DIR;
		};
		CCA554D51106F2D600CEEFF4 /* Tests.app */ = {
			isa = PBXReferenceProxy;
			fileType = wrapper.application;
			path = Tests.app;
			remoteRef = CCA554D41106F2D600CEEFF4 /* PBXContainerItemProxy */;
			sourceTree = BUILT_PRODUCTS_DIR;
		};
/* End PBXReferenceProxy section */

/* Begin PBXResourcesBuildPhase section */
		8D15AC2B0486D014006FF6A4 /* Resources */ = {
			isa = PBXResourcesBuildPhase;
			buildActionMask = 2147483647;
			files = (
				96D9712C11142FB100EBE2FE /* Letters.icns in Resources */,
				CCA5542B1106DDF800CEEFF4 /* Credits.rtf in Resources */,
				CCA5542D1106DDF800CEEFF4 /* LADocument.xib in Resources */,
				CCA5542E1106DDF800CEEFF4 /* MainMenu.xib in Resources */,
				CCA554311106DE0500CEEFF4 /* InfoPlist.strings in Resources */,
				CC6D05F6110A491C00D900E9 /* MailView.xib in Resources */,
				CCF41324110D380800401D5D /* ActivityViewer.xib in Resources */,
				CCBF0EEE1111652C00B99B64 /* toolbar-getmail.png in Resources */,
				CCBF0EF0111165C000B99B64 /* toolbar-reply.png in Resources */,
				CCBF0EF21111675A00B99B64 /* toolbar-new.png in Resources */,
				29DCAB661112C517006DAF70 /* LAPrefsGeneralModule.xib in Resources */,
				29DCAB671112C517006DAF70 /* LAPrefsAccountsModule.xib in Resources */,
				29DCAB681112C517006DAF70 /* LAPrefsFontsAndColorsModule.xib in Resources */,
				CE3B37B71113FCFE0073E972 /* CreateAccount.xib in Resources */,
			);
			runOnlyForDeploymentPostprocessing = 0;
		};
/* End PBXResourcesBuildPhase section */

/* Begin PBXShellScriptBuildPhase section */
		961F73AF110B9DFB00222EED /* ShellScript */ = {
			isa = PBXShellScriptBuildPhase;
			buildActionMask = 2147483647;
			files = (
			);
			inputPaths = (
			);
			outputPaths = (
			);
			runOnlyForDeploymentPostprocessing = 0;
			shellPath = "/usr/bin/env ruby";
			shellScript = "#!/usr/bin/env ruby\n\n# Source: http://gist.github.com/208825\n\n# Xcode auto-versioning script for Subversion by Axel Andersson\n# Updated for git by Marcus S. Zarra and Matt Long\n# Converted to ruby by Abizer Nasir\n# Appends the git sha to the version number set in Xcode.\n# see http://www.stompy.org/2008/08/14/xcode-and-git-another-build-script/ for more details\n \ngit_path = `sh /etc/profile; which git`.chomp\n\nif git_path == \"\"\n  puts \"Path to git not found\"\n  exit\nend\n \ncommand_line = git_path + \" rev-parse --short HEAD\"\nsha = `#{command_line}`.chomp\nputs sha\n \ninfo_file = ENV['BUILT_PRODUCTS_DIR'] + \"/\" + ENV['INFOPLIST_PATH']\n \nf = File.open(info_file, \"r\").read\nre = /([\\t ]+<key>CFBundleVersion<\\/key>\\n[\\t ]+<string>)(.*?)(<\\/string>)/\nf =~ re\n \n# Get the version info from the source Info.plist file\n# If the script has already been run we need to remove the git sha\n# from the bundle's Info.plist.\nopen = $1\norig_version = $2\nclose = $3\n \n# If the git hash has not already been injected into the Info.plist, this will set version to nil\nversion = $2.sub!(/\\s*git sha [\\w]+/, '')\nif (!version)\n  version = orig_version\nend\n \n# Inject the git hash into the bundle's Info.plist\nsub = \"#{open}#{version}git sha #{sha}#{close}\"\nputs sub\nf.gsub!(re, sub)\nFile.open(info_file, \"w\") { |file| file.write(f) }";
		};
/* End PBXShellScriptBuildPhase section */

/* Begin PBXSourcesBuildPhase section */
		8D15AC300486D014006FF6A4 /* Sources */ = {
			isa = PBXSourcesBuildPhase;
			buildActionMask = 2147483647;
			files = (
				CCA554341106DE0E00CEEFF4 /* main.m in Sources */,
				CCA554371106DE1300CEEFF4 /* LADocument.m in Sources */,
				CCA5544D1106DF4D00CEEFF4 /* LAAppDelegate.m in Sources */,
				CCA554541106E1BE00CEEFF4 /* LAMailViewController.m in Sources */,
				CCA554841106EBBC00CEEFF4 /* LAPrefsWindowController.m in Sources */,
				CCF4131F110D36D400401D5D /* LAActivityViewer.m in Sources */,
				AAB3471511117A8800C270B4 /* LAPrefsGeneralModule.m in Sources */,
				AAB34744111195D400C270B4 /* LAPrefsFontsAndColorsModule.m in Sources */,
				AAB3489B1112118600C270B4 /* LAPrefsAccountsModule.m in Sources */,
				CE3B37AE1113FC740073E972 /* LAPrefsCreateAccountController.m in Sources */,
			);
			runOnlyForDeploymentPostprocessing = 0;
		};
/* End PBXSourcesBuildPhase section */

/* Begin PBXTargetDependency section */
		CC199C8811093BE20057E87E /* PBXTargetDependency */ = {
			isa = PBXTargetDependency;
			name = LetterBox;
			targetProxy = CC199C8711093BE20057E87E /* PBXContainerItemProxy */;
		};
/* End PBXTargetDependency section */

/* Begin PBXVariantGroup section */
		AAB347491111964200C270B4 /* LAPrefsFontsAndColorsModule.xib */ = {
			isa = PBXVariantGroup;
			children = (
				AAB347451111961D00C270B4 /* English */,
			);
			name = LAPrefsFontsAndColorsModule.xib;
			sourceTree = "<group>";
		};
		AAB3474B1111964A00C270B4 /* LAPrefsGeneralModule.xib */ = {
			isa = PBXVariantGroup;
			children = (
				AAB3471A11117FA700C270B4 /* English */,
			);
			name = LAPrefsGeneralModule.xib;
			sourceTree = "<group>";
		};
		AAB3489F111211C600C270B4 /* LAPrefsAccountsModule.xib */ = {
			isa = PBXVariantGroup;
			children = (
				AAB3489D111211C000C270B4 /* English */,
			);
			name = LAPrefsAccountsModule.xib;
			sourceTree = "<group>";
		};
		CCA554231106DDF800CEEFF4 /* Credits.rtf */ = {
			isa = PBXVariantGroup;
			children = (
				CCA554241106DDF800CEEFF4 /* English */,
			);
			name = Credits.rtf;
			sourceTree = "<group>";
		};
		CCA554251106DDF800CEEFF4 /* InfoPlist.strings */ = {
			isa = PBXVariantGroup;
			children = (
				CCA554261106DDF800CEEFF4 /* English */,
			);
			name = InfoPlist.strings;
			sourceTree = "<group>";
		};
		CCA554271106DDF800CEEFF4 /* LADocument.xib */ = {
			isa = PBXVariantGroup;
			children = (
				CCA554281106DDF800CEEFF4 /* English */,
			);
			name = LADocument.xib;
			sourceTree = "<group>";
		};
		CCA554291106DDF800CEEFF4 /* MainMenu.xib */ = {
			isa = PBXVariantGroup;
			children = (
				CCA5542A1106DDF800CEEFF4 /* English */,
			);
			name = MainMenu.xib;
			sourceTree = "<group>";
		};
		CCA554551106E1FE00CEEFF4 /* MailView.xib */ = {
			isa = PBXVariantGroup;
			children = (
				CCA554561106E1FE00CEEFF4 /* English */,
			);
			name = MailView.xib;
			sourceTree = "<group>";
		};
		CCF41322110D380800401D5D /* ActivityViewer.xib */ = {
			isa = PBXVariantGroup;
			children = (
				CCF41323110D380800401D5D /* English */,
			);
			name = ActivityViewer.xib;
			sourceTree = "<group>";
		};
		CE3B37B51113FCFE0073E972 /* CreateAccount.xib */ = {
			isa = PBXVariantGroup;
			children = (
				CE3B37B61113FCFE0073E972 /* English */,
			);
			name = CreateAccount.xib;
			sourceTree = "<group>";
		};
/* End PBXVariantGroup section */

/* Begin XCBuildConfiguration section */
		C05733C808A9546B00998B17 /* Debug */ = {
			isa = XCBuildConfiguration;
			buildSettings = {
				ALWAYS_SEARCH_USER_PATHS = NO;
				COPY_PHASE_STRIP = NO;
				FRAMEWORK_SEARCH_PATHS = "$(inherited)";
				GCC_DYNAMIC_NO_PIC = NO;
				GCC_ENABLE_FIX_AND_CONTINUE = YES;
				GCC_OPTIMIZATION_LEVEL = 0;
				GCC_PRECOMPILE_PREFIX_HEADER = YES;
				GCC_PREFIX_HEADER = source/Letters_Prefix.pch;
				INFOPLIST_FILE = "resources/Letters-Info.plist";
				LD_RUNPATH_SEARCH_PATHS = "@executable_path/../Frameworks";
				OTHER_CFLAGS = "-DDEBUG";
				PRODUCT_NAME = CrashyEmailApp;
			};
			name = Debug;
		};
		C05733C908A9546B00998B17 /* Release */ = {
			isa = XCBuildConfiguration;
			buildSettings = {
				ALWAYS_SEARCH_USER_PATHS = NO;
				DEBUG_INFORMATION_FORMAT = "dwarf-with-dsym";
				FRAMEWORK_SEARCH_PATHS = "$(inherited)";
				GCC_PRECOMPILE_PREFIX_HEADER = YES;
				GCC_PREFIX_HEADER = source/Letters_Prefix.pch;
				INFOPLIST_FILE = "resources/Letters-Info.plist";
				LD_RUNPATH_SEARCH_PATHS = "@executable_path/../Frameworks";
				PRODUCT_NAME = CrashyEmailApp;
			};
			name = Release;
		};
		C05733CC08A9546B00998B17 /* Debug */ = {
			isa = XCBuildConfiguration;
			buildSettings = {
				ARCHS = "$(ARCHS_STANDARD_64_BIT)";
				FRAMEWORK_SEARCH_PATHS = "\"$(BUILD_DIR)/$(CONFIGURATION)\"";
				GCC_C_LANGUAGE_STANDARD = gnu99;
				GCC_OPTIMIZATION_LEVEL = 0;
				GCC_VERSION = com.apple.compilers.llvm.clang.1_0;
				GCC_WARN_64_TO_32_BIT_CONVERSION = YES;
				GCC_WARN_ABOUT_RETURN_TYPE = YES;
				GCC_WARN_MISSING_PARENTHESES = YES;
				GCC_WARN_SHADOW = YES;
				GCC_WARN_UNUSED_VARIABLE = YES;
				ONLY_ACTIVE_ARCH = YES;
				PREBINDING = NO;
				SDKROOT = macosx10.6;
				SYMROOT = build;
			};
			name = Debug;
		};
		C05733CD08A9546B00998B17 /* Release */ = {
			isa = XCBuildConfiguration;
			buildSettings = {
				ARCHS = "$(ARCHS_STANDARD_64_BIT)";
				FRAMEWORK_SEARCH_PATHS = "$(BUILD_DIR)/$(CONFIGURATION)";
				GCC_C_LANGUAGE_STANDARD = gnu99;
				GCC_VERSION = com.apple.compilers.llvm.clang.1_0;
				GCC_WARN_64_TO_32_BIT_CONVERSION = YES;
				GCC_WARN_ABOUT_RETURN_TYPE = YES;
				GCC_WARN_MISSING_PARENTHESES = YES;
				GCC_WARN_SHADOW = YES;
				GCC_WARN_UNUSED_VARIABLE = YES;
				PREBINDING = NO;
				SDKROOT = macosx10.6;
				SYMROOT = build;
			};
			name = Release;
		};
/* End XCBuildConfiguration section */

/* Begin XCConfigurationList section */
		C05733C708A9546B00998B17 /* Build configuration list for PBXNativeTarget "Letters" */ = {
			isa = XCConfigurationList;
			buildConfigurations = (
				C05733C808A9546B00998B17 /* Debug */,
				C05733C908A9546B00998B17 /* Release */,
			);
			defaultConfigurationIsVisible = 0;
			defaultConfigurationName = Release;
		};
		C05733CB08A9546B00998B17 /* Build configuration list for PBXProject "Letters" */ = {
			isa = XCConfigurationList;
			buildConfigurations = (
				C05733CC08A9546B00998B17 /* Debug */,
				C05733CD08A9546B00998B17 /* Release */,
			);
			defaultConfigurationIsVisible = 0;
			defaultConfigurationName = Release;
		};
/* End XCConfigurationList section */
	};
	rootObject = 2A37F4A9FDCFA73011CA2CEA /* Project object */;
}
