// !$*UTF8*$!
{
	archiveVersion = 1;
	classes = {
	};
	objectVersion = 42;
	objects = {

/* Begin PBXBuildFile section */
		8DC2EF570486A6940098B216 /* Cocoa.framework in Frameworks */ = {isa = PBXBuildFile; fileRef = 1058C7B1FEA5585E11CA2CBB /* Cocoa.framework */; };
		96FE05A8110D728D00B03DC3 /* LBCoreMessageTests.m in Sources */ = {isa = PBXBuildFile; fileRef = CC877D3D110ABD32005ECF65 /* LBCoreMessageTests.m */; };
		96FE05D7110D73CE00B03DC3 /* LBMIMETests.m in Sources */ = {isa = PBXBuildFile; fileRef = CC877D3F110ABD32005ECF65 /* LBMIMETests.m */; };
		96FE05E0110D745100B03DC3 /* LBBareMessageTests.m in Sources */ = {isa = PBXBuildFile; fileRef = CC877D35110ABD32005ECF65 /* LBBareMessageTests.m */; };
		96FE05E2110D745100B03DC3 /* LBCoreAddressTests.m in Sources */ = {isa = PBXBuildFile; fileRef = CC877D39110ABD32005ECF65 /* LBCoreAddressTests.m */; };
		96FE05E3110D745100B03DC3 /* LBCoreAttachmentTests.m in Sources */ = {isa = PBXBuildFile; fileRef = CC877D3B110ABD32005ECF65 /* LBCoreAttachmentTests.m */; };
		CC3D54231108E7F700EEEF77 /* FMDatabase.h in Headers */ = {isa = PBXBuildFile; fileRef = CC3D541D1108E7F700EEEF77 /* FMDatabase.h */; };
		CC3D54241108E7F700EEEF77 /* FMDatabase.m in Sources */ = {isa = PBXBuildFile; fileRef = CC3D541E1108E7F700EEEF77 /* FMDatabase.m */; };
		CC3D54251108E7F700EEEF77 /* FMDatabaseAdditions.h in Headers */ = {isa = PBXBuildFile; fileRef = CC3D541F1108E7F700EEEF77 /* FMDatabaseAdditions.h */; };
		CC3D54261108E7F700EEEF77 /* FMDatabaseAdditions.m in Sources */ = {isa = PBXBuildFile; fileRef = CC3D54201108E7F700EEEF77 /* FMDatabaseAdditions.m */; };
		CC3D54271108E7F700EEEF77 /* FMResultSet.h in Headers */ = {isa = PBXBuildFile; fileRef = CC3D54211108E7F700EEEF77 /* FMResultSet.h */; };
		CC3D54281108E7F700EEEF77 /* FMResultSet.m in Sources */ = {isa = PBXBuildFile; fileRef = CC3D54221108E7F700EEEF77 /* FMResultSet.m */; };
		CC3D54381108EFE800EEEF77 /* libsqlite3.dylib in Frameworks */ = {isa = PBXBuildFile; fileRef = CC3D54371108EFE800EEEF77 /* libsqlite3.dylib */; };
		CC517468110ACD8400C01407 /* libetpan.framework in Frameworks */ = {isa = PBXBuildFile; fileRef = CC517467110ACD8400C01407 /* libetpan.framework */; };
		CC877CA6110ABBA2005ECF65 /* LBSMTPConnection.m in Sources */ = {isa = PBXBuildFile; fileRef = CC877CA0110ABBA2005ECF65 /* LBSMTPConnection.m */; };
		CC877CA7110ABBA2005ECF65 /* LBSMTPConnection.h in Headers */ = {isa = PBXBuildFile; fileRef = CC877CA1110ABBA2005ECF65 /* LBSMTPConnection.h */; settings = {ATTRIBUTES = (Public, ); }; };
		CC877CA8110ABBA2005ECF65 /* LBSMTP.m in Sources */ = {isa = PBXBuildFile; fileRef = CC877CA2110ABBA2005ECF65 /* LBSMTP.m */; };
		CC877CA9110ABBA2005ECF65 /* LBSMTP.h in Headers */ = {isa = PBXBuildFile; fileRef = CC877CA3110ABBA2005ECF65 /* LBSMTP.h */; settings = {ATTRIBUTES = (Public, ); }; };
		CC877CAA110ABBA2005ECF65 /* LBESMTP.m in Sources */ = {isa = PBXBuildFile; fileRef = CC877CA4110ABBA2005ECF65 /* LBESMTP.m */; };
		CC877CAB110ABBA2005ECF65 /* LBESMTP.h in Headers */ = {isa = PBXBuildFile; fileRef = CC877CA5110ABBA2005ECF65 /* LBESMTP.h */; settings = {ATTRIBUTES = (Public, ); }; };
		CC877CC2110ABBC7005ECF65 /* LBMIMEFactory.m in Sources */ = {isa = PBXBuildFile; fileRef = CC877CB4110ABBC7005ECF65 /* LBMIMEFactory.m */; };
		CC877CC3110ABBC7005ECF65 /* LBMIMEFactory.h in Headers */ = {isa = PBXBuildFile; fileRef = CC877CB5110ABBC7005ECF65 /* LBMIMEFactory.h */; settings = {ATTRIBUTES = (Public, ); }; };
		CC877CC4110ABBC7005ECF65 /* LBMIME.m in Sources */ = {isa = PBXBuildFile; fileRef = CC877CB6110ABBC7005ECF65 /* LBMIME.m */; };
		CC877CC5110ABBC7005ECF65 /* LBMIME.h in Headers */ = {isa = PBXBuildFile; fileRef = CC877CB7110ABBC7005ECF65 /* LBMIME.h */; settings = {ATTRIBUTES = (Public, ); }; };
		CC877CC6110ABBC7005ECF65 /* LBMIME_TextPart.m in Sources */ = {isa = PBXBuildFile; fileRef = CC877CB8110ABBC7005ECF65 /* LBMIME_TextPart.m */; };
		CC877CC7110ABBC7005ECF65 /* LBMIME_TextPart.h in Headers */ = {isa = PBXBuildFile; fileRef = CC877CB9110ABBC7005ECF65 /* LBMIME_TextPart.h */; settings = {ATTRIBUTES = (Public, ); }; };
		CC877CC8110ABBC7005ECF65 /* LBMIME_SinglePart.m in Sources */ = {isa = PBXBuildFile; fileRef = CC877CBA110ABBC7005ECF65 /* LBMIME_SinglePart.m */; };
		CC877CC9110ABBC7005ECF65 /* LBMIME_SinglePart.h in Headers */ = {isa = PBXBuildFile; fileRef = CC877CBB110ABBC7005ECF65 /* LBMIME_SinglePart.h */; settings = {ATTRIBUTES = (Public, ); }; };
		CC877CCA110ABBC7005ECF65 /* LBMIME_MultiPart.m in Sources */ = {isa = PBXBuildFile; fileRef = CC877CBC110ABBC7005ECF65 /* LBMIME_MultiPart.m */; };
		CC877CCB110ABBC7005ECF65 /* LBMIME_MultiPart.h in Headers */ = {isa = PBXBuildFile; fileRef = CC877CBD110ABBC7005ECF65 /* LBMIME_MultiPart.h */; settings = {ATTRIBUTES = (Public, ); }; };
		CC877CCC110ABBC7005ECF65 /* LBMIME_MessagePart.m in Sources */ = {isa = PBXBuildFile; fileRef = CC877CBE110ABBC7005ECF65 /* LBMIME_MessagePart.m */; };
		CC877CCD110ABBC7005ECF65 /* LBMIME_MessagePart.h in Headers */ = {isa = PBXBuildFile; fileRef = CC877CBF110ABBC7005ECF65 /* LBMIME_MessagePart.h */; settings = {ATTRIBUTES = (Public, ); }; };
		CC877CCE110ABBC7005ECF65 /* LBMIME_Enumerator.m in Sources */ = {isa = PBXBuildFile; fileRef = CC877CC0110ABBC7005ECF65 /* LBMIME_Enumerator.m */; };
		CC877CCF110ABBC7005ECF65 /* LBMIME_Enumerator.h in Headers */ = {isa = PBXBuildFile; fileRef = CC877CC1110ABBC7005ECF65 /* LBMIME_Enumerator.h */; settings = {ATTRIBUTES = (Public, ); }; };
		CC877CE4110ABC04005ECF65 /* LetterBoxUtilities.m in Sources */ = {isa = PBXBuildFile; fileRef = CC877CD0110ABC04005ECF65 /* LetterBoxUtilities.m */; };
		CC877CE5110ABC04005ECF65 /* LetterBoxUtilities.h in Headers */ = {isa = PBXBuildFile; fileRef = CC877CD1110ABC04005ECF65 /* LetterBoxUtilities.h */; settings = {ATTRIBUTES = (Public, ); }; };
		CC877CE6110ABC04005ECF65 /* LetterBoxTypes.h in Headers */ = {isa = PBXBuildFile; fileRef = CC877CD2110ABC04005ECF65 /* LetterBoxTypes.h */; settings = {ATTRIBUTES = (Public, ); }; };
		CC877CE7110ABC04005ECF65 /* LetterBox.h in Headers */ = {isa = PBXBuildFile; fileRef = CC877CD3110ABC04005ECF65 /* LetterBox.h */; settings = {ATTRIBUTES = (Public, ); }; };
		CC877CE8110ABC04005ECF65 /* LBServer.m in Sources */ = {isa = PBXBuildFile; fileRef = CC877CD4110ABC04005ECF65 /* LBServer.m */; };
		CC877CE9110ABC04005ECF65 /* LBServer.h in Headers */ = {isa = PBXBuildFile; fileRef = CC877CD5110ABC04005ECF65 /* LBServer.h */; settings = {ATTRIBUTES = (Public, ); }; };
		CC877CEA110ABC04005ECF65 /* LBMessage.m in Sources */ = {isa = PBXBuildFile; fileRef = CC877CD6110ABC04005ECF65 /* LBMessage.m */; };
		CC877CEB110ABC04005ECF65 /* LBMessage.h in Headers */ = {isa = PBXBuildFile; fileRef = CC877CD7110ABC04005ECF65 /* LBMessage.h */; settings = {ATTRIBUTES = (Public, ); }; };
		CC877CEC110ABC04005ECF65 /* LBFolder.m in Sources */ = {isa = PBXBuildFile; fileRef = CC877CD8110ABC04005ECF65 /* LBFolder.m */; };
		CC877CED110ABC04005ECF65 /* LBFolder.h in Headers */ = {isa = PBXBuildFile; fileRef = CC877CD9110ABC04005ECF65 /* LBFolder.h */; settings = {ATTRIBUTES = (Public, ); }; };
		CC877CEE110ABC04005ECF65 /* LBBareMessage.m in Sources */ = {isa = PBXBuildFile; fileRef = CC877CDA110ABC04005ECF65 /* LBBareMessage.m */; };
		CC877CEF110ABC04005ECF65 /* LBBareMessage.h in Headers */ = {isa = PBXBuildFile; fileRef = CC877CDB110ABC04005ECF65 /* LBBareMessage.h */; settings = {ATTRIBUTES = (Public, ); }; };
		CC877CF0110ABC04005ECF65 /* LBBareAttachment.m in Sources */ = {isa = PBXBuildFile; fileRef = CC877CDC110ABC04005ECF65 /* LBBareAttachment.m */; };
		CC877CF1110ABC04005ECF65 /* LBBareAttachment.h in Headers */ = {isa = PBXBuildFile; fileRef = CC877CDD110ABC04005ECF65 /* LBBareAttachment.h */; settings = {ATTRIBUTES = (Public, ); }; };
		CC877CF2110ABC04005ECF65 /* LBAttachment.m in Sources */ = {isa = PBXBuildFile; fileRef = CC877CDE110ABC04005ECF65 /* LBAttachment.m */; };
		CC877CF3110ABC04005ECF65 /* LBAttachment.h in Headers */ = {isa = PBXBuildFile; fileRef = CC877CDF110ABC04005ECF65 /* LBAttachment.h */; settings = {ATTRIBUTES = (Public, ); }; };
		CC877CF4110ABC04005ECF65 /* LBAddress.m in Sources */ = {isa = PBXBuildFile; fileRef = CC877CE0110ABC04005ECF65 /* LBAddress.m */; };
		CC877CF5110ABC04005ECF65 /* LBAddress.h in Headers */ = {isa = PBXBuildFile; fileRef = CC877CE1110ABC04005ECF65 /* LBAddress.h */; settings = {ATTRIBUTES = (Public, ); }; };
		CC877CF6110ABC04005ECF65 /* LBAccount.m in Sources */ = {isa = PBXBuildFile; fileRef = CC877CE2110ABC04005ECF65 /* LBAccount.m */; };
		CC877CF7110ABC04005ECF65 /* LBAccount.h in Headers */ = {isa = PBXBuildFile; fileRef = CC877CE3110ABC04005ECF65 /* LBAccount.h */; settings = {ATTRIBUTES = (Public, ); }; };
		CC877CFA110ABC1D005ECF65 /* JRLog.m in Sources */ = {isa = PBXBuildFile; fileRef = CC877CF8110ABC1D005ECF65 /* JRLog.m */; };
		CC877CFB110ABC1D005ECF65 /* JRLog.h in Headers */ = {isa = PBXBuildFile; fileRef = CC877CF9110ABC1D005ECF65 /* JRLog.h */; };
		CCD58CD5110BD9A30077F572 /* LBIMAPConnection.h in Headers */ = {isa = PBXBuildFile; fileRef = CCD58CD3110BD9A30077F572 /* LBIMAPConnection.h */; };
		CCD58CD6110BD9A30077F572 /* LBIMAPConnection.m in Sources */ = {isa = PBXBuildFile; fileRef = CCD58CD4110BD9A30077F572 /* LBIMAPConnection.m */; };
		CCF41348110D39F200401D5D /* LBActivity.h in Headers */ = {isa = PBXBuildFile; fileRef = CCF41346110D39F200401D5D /* LBActivity.h */; settings = {ATTRIBUTES = (Public, ); }; };
		F82D7D1F0F48ACC700ADA65C /* LetterBox.framework in Frameworks */ = {isa = PBXBuildFile; fileRef = 8DC2EF5B0486A6940098B216 /* LetterBox.framework */; };
		F8483E4109CE7B9000B80440 /* libssl.dylib in Frameworks */ = {isa = PBXBuildFile; fileRef = F8483E4009CE7B9000B80440 /* libssl.dylib */; };
		F8483E4309CE7B9C00B80440 /* libiconv.dylib in Frameworks */ = {isa = PBXBuildFile; fileRef = F8483E4209CE7B9C00B80440 /* libiconv.dylib */; };
		F8483E4C09CE7C2800B80440 /* libcrypto.dylib in Frameworks */ = {isa = PBXBuildFile; fileRef = F8483E4B09CE7C2800B80440 /* libcrypto.dylib */; };
		F88804620B42018500D400E7 /* libsasl2.dylib in Frameworks */ = {isa = PBXBuildFile; fileRef = F88804610B42018500D400E7 /* libsasl2.dylib */; };
		F890D39F10CEED640039817C /* libetpan.a in Frameworks */ = {isa = PBXBuildFile; fileRef = F890D39810CEECD50039817C /* libetpan.a */; };
/* End PBXBuildFile section */

/* Begin PBXContainerItemProxy section */
		CC6D05E7110A488200D900E9 /* PBXContainerItemProxy */ = {
			isa = PBXContainerItemProxy;
			containerPortal = F890D38D10CEECD50039817C /* libetpan.xcodeproj */;
			proxyType = 1;
			remoteGlobalIDString = 8DC2EF4F0486A6940098B216;
			remoteInfo = libetpan;
		};
		CC6D0620110A4A5D00D900E9 /* PBXContainerItemProxy */ = {
			isa = PBXContainerItemProxy;
			containerPortal = F890D38D10CEECD50039817C /* libetpan.xcodeproj */;
			proxyType = 1;
			remoteGlobalIDString = C69AB10910546FE500F32FBD;
			remoteInfo = "static libetpan";
		};
		F82D7D220F48ACDA00ADA65C /* PBXContainerItemProxy */ = {
			isa = PBXContainerItemProxy;
			containerPortal = 0867D690FE84028FC02AAC07 /* Project object */;
			proxyType = 1;
			remoteGlobalIDString = 8DC2EF4F0486A6940098B216;
			remoteInfo = MailCore;
		};
		F890D39510CEECD50039817C /* PBXContainerItemProxy */ = {
			isa = PBXContainerItemProxy;
			containerPortal = F890D38D10CEECD50039817C /* libetpan.xcodeproj */;
			proxyType = 2;
			remoteGlobalIDString = 8DC2EF5B0486A6940098B216;
			remoteInfo = libetpan;
		};
		F890D39710CEECD50039817C /* PBXContainerItemProxy */ = {
			isa = PBXContainerItemProxy;
			containerPortal = F890D38D10CEECD50039817C /* libetpan.xcodeproj */;
			proxyType = 2;
			remoteGlobalIDString = C69AB10A10546FE500F32FBD;
			remoteInfo = "static libetpan";
		};
/* End PBXContainerItemProxy section */

/* Begin PBXCopyFilesBuildPhase section */
		F89614140A79D30A00F93E26 /* CopyFiles */ = {
			isa = PBXCopyFilesBuildPhase;
			buildActionMask = 2147483647;
			dstPath = "";
			dstSubfolderSpec = 6;
			files = (
			);
			runOnlyForDeploymentPostprocessing = 0;
		};
/* End PBXCopyFilesBuildPhase section */

/* Begin PBXFileReference section */
		0867D69BFE84028FC02AAC07 /* Foundation.framework */ = {isa = PBXFileReference; lastKnownFileType = wrapper.framework; name = Foundation.framework; path = /System/Library/Frameworks/Foundation.framework; sourceTree = "<absolute>"; };
		0867D6A5FE840307C02AAC07 /* AppKit.framework */ = {isa = PBXFileReference; lastKnownFileType = wrapper.framework; name = AppKit.framework; path = /System/Library/Frameworks/AppKit.framework; sourceTree = "<absolute>"; };
		1058C7B1FEA5585E11CA2CBB /* Cocoa.framework */ = {isa = PBXFileReference; lastKnownFileType = wrapper.framework; name = Cocoa.framework; path = /System/Library/Frameworks/Cocoa.framework; sourceTree = "<absolute>"; };
		8DC2EF5B0486A6940098B216 /* LetterBox.framework */ = {isa = PBXFileReference; explicitFileType = wrapper.framework; includeInIndex = 0; path = LetterBox.framework; sourceTree = BUILT_PRODUCTS_DIR; };
		CC3D541D1108E7F700EEEF77 /* FMDatabase.h */ = {isa = PBXFileReference; fileEncoding = 4; lastKnownFileType = sourcecode.c.h; name = FMDatabase.h; path = source/FMDatabase.h; sourceTree = "<group>"; };
		CC3D541E1108E7F700EEEF77 /* FMDatabase.m */ = {isa = PBXFileReference; fileEncoding = 4; lastKnownFileType = sourcecode.c.objc; name = FMDatabase.m; path = source/FMDatabase.m; sourceTree = "<group>"; };
		CC3D541F1108E7F700EEEF77 /* FMDatabaseAdditions.h */ = {isa = PBXFileReference; fileEncoding = 4; lastKnownFileType = sourcecode.c.h; name = FMDatabaseAdditions.h; path = source/FMDatabaseAdditions.h; sourceTree = "<group>"; };
		CC3D54201108E7F700EEEF77 /* FMDatabaseAdditions.m */ = {isa = PBXFileReference; fileEncoding = 4; lastKnownFileType = sourcecode.c.objc; name = FMDatabaseAdditions.m; path = source/FMDatabaseAdditions.m; sourceTree = "<group>"; };
		CC3D54211108E7F700EEEF77 /* FMResultSet.h */ = {isa = PBXFileReference; fileEncoding = 4; lastKnownFileType = sourcecode.c.h; name = FMResultSet.h; path = source/FMResultSet.h; sourceTree = "<group>"; };
		CC3D54221108E7F700EEEF77 /* FMResultSet.m */ = {isa = PBXFileReference; fileEncoding = 4; lastKnownFileType = sourcecode.c.objc; name = FMResultSet.m; path = source/FMResultSet.m; sourceTree = "<group>"; };
		CC3D54371108EFE800EEEF77 /* libsqlite3.dylib */ = {isa = PBXFileReference; lastKnownFileType = "compiled.mach-o.dylib"; name = libsqlite3.dylib; path = usr/lib/libsqlite3.dylib; sourceTree = SDKROOT; };
		CC517467110ACD8400C01407 /* libetpan.framework */ = {isa = PBXFileReference; lastKnownFileType = wrapper.framework; name = libetpan.framework; path = ../build/Debug/libetpan.framework; sourceTree = SOURCE_ROOT; };
		CC877CA0110ABBA2005ECF65 /* LBSMTPConnection.m */ = {isa = PBXFileReference; fileEncoding = 4; lastKnownFileType = sourcecode.c.objc; name = LBSMTPConnection.m; path = source/LBSMTPConnection.m; sourceTree = "<group>"; };
		CC877CA1110ABBA2005ECF65 /* LBSMTPConnection.h */ = {isa = PBXFileReference; fileEncoding = 4; lastKnownFileType = sourcecode.c.h; name = LBSMTPConnection.h; path = source/LBSMTPConnection.h; sourceTree = "<group>"; };
		CC877CA2110ABBA2005ECF65 /* LBSMTP.m */ = {isa = PBXFileReference; fileEncoding = 4; lastKnownFileType = sourcecode.c.objc; name = LBSMTP.m; path = source/LBSMTP.m; sourceTree = "<group>"; };
		CC877CA3110ABBA2005ECF65 /* LBSMTP.h */ = {isa = PBXFileReference; fileEncoding = 4; lastKnownFileType = sourcecode.c.h; name = LBSMTP.h; path = source/LBSMTP.h; sourceTree = "<group>"; };
		CC877CA4110ABBA2005ECF65 /* LBESMTP.m */ = {isa = PBXFileReference; fileEncoding = 4; lastKnownFileType = sourcecode.c.objc; name = LBESMTP.m; path = source/LBESMTP.m; sourceTree = "<group>"; };
		CC877CA5110ABBA2005ECF65 /* LBESMTP.h */ = {isa = PBXFileReference; fileEncoding = 4; lastKnownFileType = sourcecode.c.h; name = LBESMTP.h; path = source/LBESMTP.h; sourceTree = "<group>"; };
		CC877CB4110ABBC7005ECF65 /* LBMIMEFactory.m */ = {isa = PBXFileReference; fileEncoding = 4; lastKnownFileType = sourcecode.c.objc; name = LBMIMEFactory.m; path = source/LBMIMEFactory.m; sourceTree = "<group>"; };
		CC877CB5110ABBC7005ECF65 /* LBMIMEFactory.h */ = {isa = PBXFileReference; fileEncoding = 4; lastKnownFileType = sourcecode.c.h; name = LBMIMEFactory.h; path = source/LBMIMEFactory.h; sourceTree = "<group>"; };
		CC877CB6110ABBC7005ECF65 /* LBMIME.m */ = {isa = PBXFileReference; fileEncoding = 4; lastKnownFileType = sourcecode.c.objc; name = LBMIME.m; path = source/LBMIME.m; sourceTree = "<group>"; };
		CC877CB7110ABBC7005ECF65 /* LBMIME.h */ = {isa = PBXFileReference; fileEncoding = 4; lastKnownFileType = sourcecode.c.h; name = LBMIME.h; path = source/LBMIME.h; sourceTree = "<group>"; };
		CC877CB8110ABBC7005ECF65 /* LBMIME_TextPart.m */ = {isa = PBXFileReference; fileEncoding = 4; lastKnownFileType = sourcecode.c.objc; name = LBMIME_TextPart.m; path = source/LBMIME_TextPart.m; sourceTree = "<group>"; };
		CC877CB9110ABBC7005ECF65 /* LBMIME_TextPart.h */ = {isa = PBXFileReference; fileEncoding = 4; lastKnownFileType = sourcecode.c.h; name = LBMIME_TextPart.h; path = source/LBMIME_TextPart.h; sourceTree = "<group>"; };
		CC877CBA110ABBC7005ECF65 /* LBMIME_SinglePart.m */ = {isa = PBXFileReference; fileEncoding = 4; lastKnownFileType = sourcecode.c.objc; name = LBMIME_SinglePart.m; path = source/LBMIME_SinglePart.m; sourceTree = "<group>"; };
		CC877CBB110ABBC7005ECF65 /* LBMIME_SinglePart.h */ = {isa = PBXFileReference; fileEncoding = 4; lastKnownFileType = sourcecode.c.h; name = LBMIME_SinglePart.h; path = source/LBMIME_SinglePart.h; sourceTree = "<group>"; };
		CC877CBC110ABBC7005ECF65 /* LBMIME_MultiPart.m */ = {isa = PBXFileReference; fileEncoding = 4; lastKnownFileType = sourcecode.c.objc; name = LBMIME_MultiPart.m; path = source/LBMIME_MultiPart.m; sourceTree = "<group>"; };
		CC877CBD110ABBC7005ECF65 /* LBMIME_MultiPart.h */ = {isa = PBXFileReference; fileEncoding = 4; lastKnownFileType = sourcecode.c.h; name = LBMIME_MultiPart.h; path = source/LBMIME_MultiPart.h; sourceTree = "<group>"; };
		CC877CBE110ABBC7005ECF65 /* LBMIME_MessagePart.m */ = {isa = PBXFileReference; fileEncoding = 4; lastKnownFileType = sourcecode.c.objc; name = LBMIME_MessagePart.m; path = source/LBMIME_MessagePart.m; sourceTree = "<group>"; };
		CC877CBF110ABBC7005ECF65 /* LBMIME_MessagePart.h */ = {isa = PBXFileReference; fileEncoding = 4; lastKnownFileType = sourcecode.c.h; name = LBMIME_MessagePart.h; path = source/LBMIME_MessagePart.h; sourceTree = "<group>"; };
		CC877CC0110ABBC7005ECF65 /* LBMIME_Enumerator.m */ = {isa = PBXFileReference; fileEncoding = 4; lastKnownFileType = sourcecode.c.objc; name = LBMIME_Enumerator.m; path = source/LBMIME_Enumerator.m; sourceTree = "<group>"; };
		CC877CC1110ABBC7005ECF65 /* LBMIME_Enumerator.h */ = {isa = PBXFileReference; fileEncoding = 4; lastKnownFileType = sourcecode.c.h; name = LBMIME_Enumerator.h; path = source/LBMIME_Enumerator.h; sourceTree = "<group>"; };
		CC877CD0110ABC04005ECF65 /* LetterBoxUtilities.m */ = {isa = PBXFileReference; fileEncoding = 4; lastKnownFileType = sourcecode.c.objc; name = LetterBoxUtilities.m; path = source/LetterBoxUtilities.m; sourceTree = "<group>"; };
		CC877CD1110ABC04005ECF65 /* LetterBoxUtilities.h */ = {isa = PBXFileReference; fileEncoding = 4; lastKnownFileType = sourcecode.c.h; name = LetterBoxUtilities.h; path = source/LetterBoxUtilities.h; sourceTree = "<group>"; };
		CC877CD2110ABC04005ECF65 /* LetterBoxTypes.h */ = {isa = PBXFileReference; fileEncoding = 4; lastKnownFileType = sourcecode.c.h; name = LetterBoxTypes.h; path = source/LetterBoxTypes.h; sourceTree = "<group>"; };
		CC877CD3110ABC04005ECF65 /* LetterBox.h */ = {isa = PBXFileReference; fileEncoding = 4; lastKnownFileType = sourcecode.c.h; name = LetterBox.h; path = source/LetterBox.h; sourceTree = "<group>"; };
		CC877CD4110ABC04005ECF65 /* LBServer.m */ = {isa = PBXFileReference; fileEncoding = 4; lastKnownFileType = sourcecode.c.objc; name = LBServer.m; path = source/LBServer.m; sourceTree = "<group>"; };
		CC877CD5110ABC04005ECF65 /* LBServer.h */ = {isa = PBXFileReference; fileEncoding = 4; lastKnownFileType = sourcecode.c.h; name = LBServer.h; path = source/LBServer.h; sourceTree = "<group>"; };
		CC877CD6110ABC04005ECF65 /* LBMessage.m */ = {isa = PBXFileReference; fileEncoding = 4; lastKnownFileType = sourcecode.c.objc; name = LBMessage.m; path = source/LBMessage.m; sourceTree = "<group>"; };
		CC877CD7110ABC04005ECF65 /* LBMessage.h */ = {isa = PBXFileReference; fileEncoding = 4; lastKnownFileType = sourcecode.c.h; name = LBMessage.h; path = source/LBMessage.h; sourceTree = "<group>"; };
		CC877CD8110ABC04005ECF65 /* LBFolder.m */ = {isa = PBXFileReference; fileEncoding = 4; lastKnownFileType = sourcecode.c.objc; name = LBFolder.m; path = source/LBFolder.m; sourceTree = "<group>"; };
		CC877CD9110ABC04005ECF65 /* LBFolder.h */ = {isa = PBXFileReference; fileEncoding = 4; lastKnownFileType = sourcecode.c.h; name = LBFolder.h; path = source/LBFolder.h; sourceTree = "<group>"; };
		CC877CDA110ABC04005ECF65 /* LBBareMessage.m */ = {isa = PBXFileReference; fileEncoding = 4; lastKnownFileType = sourcecode.c.objc; name = LBBareMessage.m; path = source/LBBareMessage.m; sourceTree = "<group>"; };
		CC877CDB110ABC04005ECF65 /* LBBareMessage.h */ = {isa = PBXFileReference; fileEncoding = 4; lastKnownFileType = sourcecode.c.h; name = LBBareMessage.h; path = source/LBBareMessage.h; sourceTree = "<group>"; };
		CC877CDC110ABC04005ECF65 /* LBBareAttachment.m */ = {isa = PBXFileReference; fileEncoding = 4; lastKnownFileType = sourcecode.c.objc; name = LBBareAttachment.m; path = source/LBBareAttachment.m; sourceTree = "<group>"; };
		CC877CDD110ABC04005ECF65 /* LBBareAttachment.h */ = {isa = PBXFileReference; fileEncoding = 4; lastKnownFileType = sourcecode.c.h; name = LBBareAttachment.h; path = source/LBBareAttachment.h; sourceTree = "<group>"; };
		CC877CDE110ABC04005ECF65 /* LBAttachment.m */ = {isa = PBXFileReference; fileEncoding = 4; lastKnownFileType = sourcecode.c.objc; name = LBAttachment.m; path = source/LBAttachment.m; sourceTree = "<group>"; };
		CC877CDF110ABC04005ECF65 /* LBAttachment.h */ = {isa = PBXFileReference; fileEncoding = 4; lastKnownFileType = sourcecode.c.h; name = LBAttachment.h; path = source/LBAttachment.h; sourceTree = "<group>"; };
		CC877CE0110ABC04005ECF65 /* LBAddress.m */ = {isa = PBXFileReference; fileEncoding = 4; lastKnownFileType = sourcecode.c.objc; name = LBAddress.m; path = source/LBAddress.m; sourceTree = "<group>"; };
		CC877CE1110ABC04005ECF65 /* LBAddress.h */ = {isa = PBXFileReference; fileEncoding = 4; lastKnownFileType = sourcecode.c.h; name = LBAddress.h; path = source/LBAddress.h; sourceTree = "<group>"; };
		CC877CE2110ABC04005ECF65 /* LBAccount.m */ = {isa = PBXFileReference; fileEncoding = 4; lastKnownFileType = sourcecode.c.objc; name = LBAccount.m; path = source/LBAccount.m; sourceTree = "<group>"; };
		CC877CE3110ABC04005ECF65 /* LBAccount.h */ = {isa = PBXFileReference; fileEncoding = 4; lastKnownFileType = sourcecode.c.h; name = LBAccount.h; path = source/LBAccount.h; sourceTree = "<group>"; };
		CC877CF8110ABC1D005ECF65 /* JRLog.m */ = {isa = PBXFileReference; fileEncoding = 4; lastKnownFileType = sourcecode.c.objc; name = JRLog.m; path = source/JRLog.m; sourceTree = "<group>"; };
		CC877CF9110ABC1D005ECF65 /* JRLog.h */ = {isa = PBXFileReference; fileEncoding = 4; lastKnownFileType = sourcecode.c.h; name = JRLog.h; path = source/JRLog.h; sourceTree = "<group>"; };
		CC877D34110ABD32005ECF65 /* LBBareMessageTests.h */ = {isa = PBXFileReference; fileEncoding = 4; lastKnownFileType = sourcecode.c.h; name = LBBareMessageTests.h; path = tests/LBBareMessageTests.h; sourceTree = "<group>"; };
		CC877D35110ABD32005ECF65 /* LBBareMessageTests.m */ = {isa = PBXFileReference; fileEncoding = 4; lastKnownFileType = sourcecode.c.objc; name = LBBareMessageTests.m; path = tests/LBBareMessageTests.m; sourceTree = "<group>"; };
		CC877D36110ABD32005ECF65 /* LBCoreAccountTests.h */ = {isa = PBXFileReference; fileEncoding = 4; lastKnownFileType = sourcecode.c.h; name = LBCoreAccountTests.h; path = tests/LBCoreAccountTests.h; sourceTree = "<group>"; };
		CC877D37110ABD32005ECF65 /* LBCoreAccountTests.m */ = {isa = PBXFileReference; fileEncoding = 4; lastKnownFileType = sourcecode.c.objc; name = LBCoreAccountTests.m; path = tests/LBCoreAccountTests.m; sourceTree = "<group>"; };
		CC877D38110ABD32005ECF65 /* LBCoreAddressTests.h */ = {isa = PBXFileReference; fileEncoding = 4; lastKnownFileType = sourcecode.c.h; name = LBCoreAddressTests.h; path = tests/LBCoreAddressTests.h; sourceTree = "<group>"; };
		CC877D39110ABD32005ECF65 /* LBCoreAddressTests.m */ = {isa = PBXFileReference; fileEncoding = 4; lastKnownFileType = sourcecode.c.objc; name = LBCoreAddressTests.m; path = tests/LBCoreAddressTests.m; sourceTree = "<group>"; };
		CC877D3A110ABD32005ECF65 /* LBCoreAttachmentTests.h */ = {isa = PBXFileReference; fileEncoding = 4; lastKnownFileType = sourcecode.c.h; name = LBCoreAttachmentTests.h; path = tests/LBCoreAttachmentTests.h; sourceTree = "<group>"; };
		CC877D3B110ABD32005ECF65 /* LBCoreAttachmentTests.m */ = {isa = PBXFileReference; fileEncoding = 4; lastKnownFileType = sourcecode.c.objc; name = LBCoreAttachmentTests.m; path = tests/LBCoreAttachmentTests.m; sourceTree = "<group>"; };
		CC877D3C110ABD32005ECF65 /* LBCoreMessageTests.h */ = {isa = PBXFileReference; fileEncoding = 4; lastKnownFileType = sourcecode.c.h; name = LBCoreMessageTests.h; path = tests/LBCoreMessageTests.h; sourceTree = "<group>"; };
		CC877D3D110ABD32005ECF65 /* LBCoreMessageTests.m */ = {isa = PBXFileReference; fileEncoding = 4; lastKnownFileType = sourcecode.c.objc; name = LBCoreMessageTests.m; path = tests/LBCoreMessageTests.m; sourceTree = "<group>"; };
		CC877D3E110ABD32005ECF65 /* LBMIMETests.h */ = {isa = PBXFileReference; fileEncoding = 4; lastKnownFileType = sourcecode.c.h; name = LBMIMETests.h; path = tests/LBMIMETests.h; sourceTree = "<group>"; };
		CC877D3F110ABD32005ECF65 /* LBMIMETests.m */ = {isa = PBXFileReference; fileEncoding = 4; lastKnownFileType = sourcecode.c.objc; name = LBMIMETests.m; path = tests/LBMIMETests.m; sourceTree = "<group>"; };
		CCA553E01106DB6B00CEEFF4 /* Tests-Info.plist */ = {isa = PBXFileReference; fileEncoding = 4; lastKnownFileType = text.plist.xml; name = "Tests-Info.plist"; path = "resources/Tests-Info.plist"; sourceTree = "<group>"; };
		CCA553E21106DB7100CEEFF4 /* Info.plist */ = {isa = PBXFileReference; fileEncoding = 4; lastKnownFileType = text.plist.xml; name = Info.plist; path = resources/Info.plist; sourceTree = "<group>"; };
		CCD58CD3110BD9A30077F572 /* LBIMAPConnection.h */ = {isa = PBXFileReference; fileEncoding = 4; lastKnownFileType = sourcecode.c.h; name = LBIMAPConnection.h; path = source/LBIMAPConnection.h; sourceTree = "<group>"; };
		CCD58CD4110BD9A30077F572 /* LBIMAPConnection.m */ = {isa = PBXFileReference; fileEncoding = 4; lastKnownFileType = sourcecode.c.objc; name = LBIMAPConnection.m; path = source/LBIMAPConnection.m; sourceTree = "<group>"; };
		CCF41346110D39F200401D5D /* LBActivity.h */ = {isa = PBXFileReference; fileEncoding = 4; lastKnownFileType = sourcecode.c.h; name = LBActivity.h; path = source/LBActivity.h; sourceTree = "<group>"; };
		D2F7E79907B2D74100F64583 /* CoreData.framework */ = {isa = PBXFileReference; lastKnownFileType = wrapper.framework; name = CoreData.framework; path = /System/Library/Frameworks/CoreData.framework; sourceTree = "<absolute>"; };
		F82D7C810F48AC8500ADA65C /* Tests.octest */ = {isa = PBXFileReference; explicitFileType = wrapper.cfbundle; includeInIndex = 0; path = Tests.octest; sourceTree = BUILT_PRODUCTS_DIR; };
		F8483E4009CE7B9000B80440 /* libssl.dylib */ = {isa = PBXFileReference; lastKnownFileType = "compiled.mach-o.dylib"; name = libssl.dylib; path = /usr/lib/libssl.dylib; sourceTree = "<absolute>"; };
		F8483E4209CE7B9C00B80440 /* libiconv.dylib */ = {isa = PBXFileReference; lastKnownFileType = "compiled.mach-o.dylib"; name = libiconv.dylib; path = /usr/lib/libiconv.dylib; sourceTree = "<absolute>"; };
		F8483E4B09CE7C2800B80440 /* libcrypto.dylib */ = {isa = PBXFileReference; lastKnownFileType = "compiled.mach-o.dylib"; name = libcrypto.dylib; path = /usr/lib/libcrypto.dylib; sourceTree = "<absolute>"; };
		F88804610B42018500D400E7 /* libsasl2.dylib */ = {isa = PBXFileReference; lastKnownFileType = "compiled.mach-o.dylib"; name = libsasl2.dylib; path = /usr/lib/libsasl2.dylib; sourceTree = "<absolute>"; };
		F890D38D10CEECD50039817C /* libetpan.xcodeproj */ = {isa = PBXFileReference; lastKnownFileType = "wrapper.pb-project"; name = libetpan.xcodeproj; path = "libetpan/build-mac/libetpan.xcodeproj"; sourceTree = SOURCE_ROOT; };
/* End PBXFileReference section */

/* Begin PBXFrameworksBuildPhase section */
		8DC2EF560486A6940098B216 /* Frameworks */ = {
			isa = PBXFrameworksBuildPhase;
			buildActionMask = 2147483647;
			files = (
				F890D39F10CEED640039817C /* libetpan.a in Frameworks */,
				8DC2EF570486A6940098B216 /* Cocoa.framework in Frameworks */,
				F8483E4109CE7B9000B80440 /* libssl.dylib in Frameworks */,
				F8483E4309CE7B9C00B80440 /* libiconv.dylib in Frameworks */,
				F8483E4C09CE7C2800B80440 /* libcrypto.dylib in Frameworks */,
				F88804620B42018500D400E7 /* libsasl2.dylib in Frameworks */,
				CC3D54381108EFE800EEEF77 /* libsqlite3.dylib in Frameworks */,
				CC517468110ACD8400C01407 /* libetpan.framework in Frameworks */,
			);
			runOnlyForDeploymentPostprocessing = 0;
		};
		F82D7C7E0F48AC8500ADA65C /* Frameworks */ = {
			isa = PBXFrameworksBuildPhase;
			buildActionMask = 2147483647;
			files = (
				F82D7D1F0F48ACC700ADA65C /* LetterBox.framework in Frameworks */,
			);
			runOnlyForDeploymentPostprocessing = 0;
		};
/* End PBXFrameworksBuildPhase section */

/* Begin PBXGroup section */
		034768DFFF38A50411DB9C8B /* Products */ = {
			isa = PBXGroup;
			children = (
				8DC2EF5B0486A6940098B216 /* LetterBox.framework */,
				F82D7C810F48AC8500ADA65C /* Tests.octest */,
			);
			name = Products;
			sourceTree = "<group>";
		};
		0867D691FE84028FC02AAC07 /* MailCore */ = {
			isa = PBXGroup;
			children = (
				F890D38D10CEECD50039817C /* libetpan.xcodeproj */,
				F85A18AF09C7D8F200305C06 /* Tests */,
				08FB77AEFE84172EC02AAC07 /* Classes */,
				32C88DFF0371C24200C91783 /* Other Sources */,
				089C1665FE841158C02AAC07 /* Resources */,
				0867D69AFE84028FC02AAC07 /* External Frameworks and Libraries */,
				034768DFFF38A50411DB9C8B /* Products */,
			);
			name = MailCore;
			sourceTree = "<group>";
		};
		0867D69AFE84028FC02AAC07 /* External Frameworks and Libraries */ = {
			isa = PBXGroup;
			children = (
				1058C7B0FEA5585E11CA2CBB /* Linked Frameworks */,
				1058C7B2FEA5585E11CA2CBB /* Other Frameworks */,
			);
			name = "External Frameworks and Libraries";
			sourceTree = "<group>";
		};
		089C1665FE841158C02AAC07 /* Resources */ = {
			isa = PBXGroup;
			children = (
				CCA553E01106DB6B00CEEFF4 /* Tests-Info.plist */,
				CCA553E21106DB7100CEEFF4 /* Info.plist */,
			);
			name = Resources;
			sourceTree = "<group>";
		};
		08FB77AEFE84172EC02AAC07 /* Classes */ = {
			isa = PBXGroup;
			children = (
				CC3D541C1108E7AC00EEEF77 /* FMDB */,
				F81E26810C6ED57400B3FBAC /* SMTP */,
				F81E26720C6ED56000B3FBAC /* MIME */,
				CC877CE3110ABC04005ECF65 /* LBAccount.h */,
				CC877CE2110ABC04005ECF65 /* LBAccount.m */,
				CCF41346110D39F200401D5D /* LBActivity.h */,
				CC877CE1110ABC04005ECF65 /* LBAddress.h */,
				CC877CE0110ABC04005ECF65 /* LBAddress.m */,
				CC877CDF110ABC04005ECF65 /* LBAttachment.h */,
				CC877CDE110ABC04005ECF65 /* LBAttachment.m */,
				CC877CDD110ABC04005ECF65 /* LBBareAttachment.h */,
				CC877CDC110ABC04005ECF65 /* LBBareAttachment.m */,
				CC877CDB110ABC04005ECF65 /* LBBareMessage.h */,
				CC877CDA110ABC04005ECF65 /* LBBareMessage.m */,
				CC877CD9110ABC04005ECF65 /* LBFolder.h */,
				CC877CD8110ABC04005ECF65 /* LBFolder.m */,
				CCD58CD3110BD9A30077F572 /* LBIMAPConnection.h */,
				CCD58CD4110BD9A30077F572 /* LBIMAPConnection.m */,
				CC877CD7110ABC04005ECF65 /* LBMessage.h */,
				CC877CD6110ABC04005ECF65 /* LBMessage.m */,
				CC877CD5110ABC04005ECF65 /* LBServer.h */,
				CC877CD4110ABC04005ECF65 /* LBServer.m */,
				CC877CD3110ABC04005ECF65 /* LetterBox.h */,
				CC877CD2110ABC04005ECF65 /* LetterBoxTypes.h */,
				CC877CD1110ABC04005ECF65 /* LetterBoxUtilities.h */,
				CC877CD0110ABC04005ECF65 /* LetterBoxUtilities.m */,
			);
			name = Classes;
			sourceTree = "<group>";
		};
		1058C7B0FEA5585E11CA2CBB /* Linked Frameworks */ = {
			isa = PBXGroup;
			children = (
				CC517467110ACD8400C01407 /* libetpan.framework */,
				F88804610B42018500D400E7 /* libsasl2.dylib */,
				F8483E4B09CE7C2800B80440 /* libcrypto.dylib */,
				F8483E4209CE7B9C00B80440 /* libiconv.dylib */,
				F8483E4009CE7B9000B80440 /* libssl.dylib */,
				1058C7B1FEA5585E11CA2CBB /* Cocoa.framework */,
				CC3D54371108EFE800EEEF77 /* libsqlite3.dylib */,
			);
			name = "Linked Frameworks";
			sourceTree = "<group>";
		};
		1058C7B2FEA5585E11CA2CBB /* Other Frameworks */ = {
			isa = PBXGroup;
			children = (
				0867D6A5FE840307C02AAC07 /* AppKit.framework */,
				D2F7E79907B2D74100F64583 /* CoreData.framework */,
				0867D69BFE84028FC02AAC07 /* Foundation.framework */,
			);
			name = "Other Frameworks";
			sourceTree = "<group>";
		};
		32C88DFF0371C24200C91783 /* Other Sources */ = {
			isa = PBXGroup;
			children = (
				CC877CF8110ABC1D005ECF65 /* JRLog.m */,
				CC877CF9110ABC1D005ECF65 /* JRLog.h */,
			);
			name = "Other Sources";
			sourceTree = "<group>";
		};
		CC3D541C1108E7AC00EEEF77 /* FMDB */ = {
			isa = PBXGroup;
			children = (
				CC3D541D1108E7F700EEEF77 /* FMDatabase.h */,
				CC3D541E1108E7F700EEEF77 /* FMDatabase.m */,
				CC3D541F1108E7F700EEEF77 /* FMDatabaseAdditions.h */,
				CC3D54201108E7F700EEEF77 /* FMDatabaseAdditions.m */,
				CC3D54211108E7F700EEEF77 /* FMResultSet.h */,
				CC3D54221108E7F700EEEF77 /* FMResultSet.m */,
			);
			name = FMDB;
			sourceTree = "<group>";
		};
		F81E26720C6ED56000B3FBAC /* MIME */ = {
			isa = PBXGroup;
			children = (
				CC877CB4110ABBC7005ECF65 /* LBMIMEFactory.m */,
				CC877CB5110ABBC7005ECF65 /* LBMIMEFactory.h */,
				CC877CB6110ABBC7005ECF65 /* LBMIME.m */,
				CC877CB7110ABBC7005ECF65 /* LBMIME.h */,
				CC877CB8110ABBC7005ECF65 /* LBMIME_TextPart.m */,
				CC877CB9110ABBC7005ECF65 /* LBMIME_TextPart.h */,
				CC877CBA110ABBC7005ECF65 /* LBMIME_SinglePart.m */,
				CC877CBB110ABBC7005ECF65 /* LBMIME_SinglePart.h */,
				CC877CBC110ABBC7005ECF65 /* LBMIME_MultiPart.m */,
				CC877CBD110ABBC7005ECF65 /* LBMIME_MultiPart.h */,
				CC877CBE110ABBC7005ECF65 /* LBMIME_MessagePart.m */,
				CC877CBF110ABBC7005ECF65 /* LBMIME_MessagePart.h */,
				CC877CC0110ABBC7005ECF65 /* LBMIME_Enumerator.m */,
				CC877CC1110ABBC7005ECF65 /* LBMIME_Enumerator.h */,
			);
			name = MIME;
			sourceTree = "<group>";
		};
		F81E26810C6ED57400B3FBAC /* SMTP */ = {
			isa = PBXGroup;
			children = (
				CC877CA0110ABBA2005ECF65 /* LBSMTPConnection.m */,
				CC877CA1110ABBA2005ECF65 /* LBSMTPConnection.h */,
				CC877CA2110ABBA2005ECF65 /* LBSMTP.m */,
				CC877CA3110ABBA2005ECF65 /* LBSMTP.h */,
				CC877CA4110ABBA2005ECF65 /* LBESMTP.m */,
				CC877CA5110ABBA2005ECF65 /* LBESMTP.h */,
			);
			name = SMTP;
			sourceTree = "<group>";
		};
		F85A18AF09C7D8F200305C06 /* Tests */ = {
			isa = PBXGroup;
			children = (
				CC877D34110ABD32005ECF65 /* LBBareMessageTests.h */,
				CC877D35110ABD32005ECF65 /* LBBareMessageTests.m */,
				CC877D36110ABD32005ECF65 /* LBCoreAccountTests.h */,
				CC877D37110ABD32005ECF65 /* LBCoreAccountTests.m */,
				CC877D38110ABD32005ECF65 /* LBCoreAddressTests.h */,
				CC877D39110ABD32005ECF65 /* LBCoreAddressTests.m */,
				CC877D3A110ABD32005ECF65 /* LBCoreAttachmentTests.h */,
				CC877D3B110ABD32005ECF65 /* LBCoreAttachmentTests.m */,
				CC877D3C110ABD32005ECF65 /* LBCoreMessageTests.h */,
				CC877D3D110ABD32005ECF65 /* LBCoreMessageTests.m */,
				CC877D3E110ABD32005ECF65 /* LBMIMETests.h */,
				CC877D3F110ABD32005ECF65 /* LBMIMETests.m */,
			);
			name = Tests;
			sourceTree = "<group>";
		};
		F890D39010CEECD50039817C /* Products */ = {
			isa = PBXGroup;
			children = (
				F890D39610CEECD50039817C /* libetpan.framework */,
				F890D39810CEECD50039817C /* libetpan.a */,
			);
			name = Products;
			sourceTree = "<group>";
		};
/* End PBXGroup section */

/* Begin PBXHeadersBuildPhase section */
		8DC2EF500486A6940098B216 /* Headers */ = {
			isa = PBXHeadersBuildPhase;
			buildActionMask = 2147483647;
			files = (
				CC3D54231108E7F700EEEF77 /* FMDatabase.h in Headers */,
				CC3D54251108E7F700EEEF77 /* FMDatabaseAdditions.h in Headers */,
				CC3D54271108E7F700EEEF77 /* FMResultSet.h in Headers */,
				CC877CA7110ABBA2005ECF65 /* LBSMTPConnection.h in Headers */,
				CC877CA9110ABBA2005ECF65 /* LBSMTP.h in Headers */,
				CC877CAB110ABBA2005ECF65 /* LBESMTP.h in Headers */,
				CC877CC3110ABBC7005ECF65 /* LBMIMEFactory.h in Headers */,
				CC877CC5110ABBC7005ECF65 /* LBMIME.h in Headers */,
				CC877CC7110ABBC7005ECF65 /* LBMIME_TextPart.h in Headers */,
				CC877CC9110ABBC7005ECF65 /* LBMIME_SinglePart.h in Headers */,
				CC877CCB110ABBC7005ECF65 /* LBMIME_MultiPart.h in Headers */,
				CC877CCD110ABBC7005ECF65 /* LBMIME_MessagePart.h in Headers */,
				CC877CCF110ABBC7005ECF65 /* LBMIME_Enumerator.h in Headers */,
				CC877CE5110ABC04005ECF65 /* LetterBoxUtilities.h in Headers */,
				CC877CE6110ABC04005ECF65 /* LetterBoxTypes.h in Headers */,
				CC877CE7110ABC04005ECF65 /* LetterBox.h in Headers */,
				CC877CE9110ABC04005ECF65 /* LBServer.h in Headers */,
				CC877CEB110ABC04005ECF65 /* LBMessage.h in Headers */,
				CC877CED110ABC04005ECF65 /* LBFolder.h in Headers */,
				CC877CEF110ABC04005ECF65 /* LBBareMessage.h in Headers */,
				CC877CF1110ABC04005ECF65 /* LBBareAttachment.h in Headers */,
				CC877CF3110ABC04005ECF65 /* LBAttachment.h in Headers */,
				CC877CF5110ABC04005ECF65 /* LBAddress.h in Headers */,
				CC877CF7110ABC04005ECF65 /* LBAccount.h in Headers */,
				CC877CFB110ABC1D005ECF65 /* JRLog.h in Headers */,
				CCD58CD5110BD9A30077F572 /* LBIMAPConnection.h in Headers */,
				CCF41348110D39F200401D5D /* LBActivity.h in Headers */,
			);
			runOnlyForDeploymentPostprocessing = 0;
		};
/* End PBXHeadersBuildPhase section */

/* Begin PBXNativeTarget section */
		8DC2EF4F0486A6940098B216 /* LetterBox */ = {
			isa = PBXNativeTarget;
			buildConfigurationList = 1DEB91AD08733DA50010E9CD /* Build configuration list for PBXNativeTarget "LetterBox" */;
			buildPhases = (
				F89618D30A7D77CF00F93E26 /* ShellScript */,
				8DC2EF500486A6940098B216 /* Headers */,
				8DC2EF520486A6940098B216 /* Resources */,
				8DC2EF540486A6940098B216 /* Sources */,
				8DC2EF560486A6940098B216 /* Frameworks */,
				F848422D09CFACA000B80440 /* ShellScript */,
				F89614140A79D30A00F93E26 /* CopyFiles */,
			);
			buildRules = (
			);
			dependencies = (
				CC6D05E8110A488200D900E9 /* PBXTargetDependency */,
				CC6D0621110A4A5D00D900E9 /* PBXTargetDependency */,
			);
			name = LetterBox;
			productInstallPath = "$(HOME)/Library/Frameworks";
			productName = MailCore;
			productReference = 8DC2EF5B0486A6940098B216 /* LetterBox.framework */;
			productType = "com.apple.product-type.framework";
		};
		F82D7C800F48AC8500ADA65C /* Tests */ = {
			isa = PBXNativeTarget;
			buildConfigurationList = F82D7C840F48ACA300ADA65C /* Build configuration list for PBXNativeTarget "Tests" */;
			buildPhases = (
				F82D7C7C0F48AC8500ADA65C /* Resources */,
				F82D7C7D0F48AC8500ADA65C /* Sources */,
				F82D7C7E0F48AC8500ADA65C /* Frameworks */,
				F82D7C7F0F48AC8500ADA65C /* ShellScript */,
			);
			buildRules = (
			);
			dependencies = (
				F82D7D230F48ACDA00ADA65C /* PBXTargetDependency */,
			);
			name = Tests;
			productName = Tests;
			productReference = F82D7C810F48AC8500ADA65C /* Tests.octest */;
			productType = "com.apple.product-type.bundle";
		};
/* End PBXNativeTarget section */

/* Begin PBXProject section */
		0867D690FE84028FC02AAC07 /* Project object */ = {
			isa = PBXProject;
			buildConfigurationList = 1DEB91B108733DA50010E9CD /* Build configuration list for PBXProject "LetterBox" */;
			compatibilityVersion = "Xcode 2.4";
			hasScannedForEncodings = 1;
			mainGroup = 0867D691FE84028FC02AAC07 /* MailCore */;
			productRefGroup = 034768DFFF38A50411DB9C8B /* Products */;
			projectDirPath = "";
			projectReferences = (
				{
					ProductGroup = F890D39010CEECD50039817C /* Products */;
					ProjectRef = F890D38D10CEECD50039817C /* libetpan.xcodeproj */;
				},
			);
			projectRoot = ..;
			targets = (
				8DC2EF4F0486A6940098B216 /* LetterBox */,
				F82D7C800F48AC8500ADA65C /* Tests */,
			);
		};
/* End PBXProject section */

/* Begin PBXReferenceProxy section */
		F890D39610CEECD50039817C /* libetpan.framework */ = {
			isa = PBXReferenceProxy;
			fileType = wrapper.framework;
			path = libetpan.framework;
			remoteRef = F890D39510CEECD50039817C /* PBXContainerItemProxy */;
			sourceTree = BUILT_PRODUCTS_DIR;
		};
		F890D39810CEECD50039817C /* libetpan.a */ = {
			isa = PBXReferenceProxy;
			fileType = archive.ar;
			path = libetpan.a;
			remoteRef = F890D39710CEECD50039817C /* PBXContainerItemProxy */;
			sourceTree = BUILT_PRODUCTS_DIR;
		};
/* End PBXReferenceProxy section */

/* Begin PBXResourcesBuildPhase section */
		8DC2EF520486A6940098B216 /* Resources */ = {
			isa = PBXResourcesBuildPhase;
			buildActionMask = 2147483647;
			files = (
			);
			runOnlyForDeploymentPostprocessing = 0;
		};
		F82D7C7C0F48AC8500ADA65C /* Resources */ = {
			isa = PBXResourcesBuildPhase;
			buildActionMask = 2147483647;
			files = (
			);
			runOnlyForDeploymentPostprocessing = 0;
		};
/* End PBXResourcesBuildPhase section */

/* Begin PBXShellScriptBuildPhase section */
		F82D7C7F0F48AC8500ADA65C /* ShellScript */ = {
			isa = PBXShellScriptBuildPhase;
			buildActionMask = 2147483647;
			files = (
			);
			inputPaths = (
			);
			outputPaths = (
			);
			runOnlyForDeploymentPostprocessing = 0;
			shellPath = /bin/sh;
			shellScript = "# Run the unit tests in this test bundle.\n\"${SYSTEM_DEVELOPER_DIR}/Tools/RunUnitTests\"\n";
		};
		F848422D09CFACA000B80440 /* ShellScript */ = {
			isa = PBXShellScriptBuildPhase;
			buildActionMask = 2147483647;
			files = (
			);
			inputPaths = (
			);
			outputPaths = (
			);
			runOnlyForDeploymentPostprocessing = 0;
			shellPath = /bin/sh;
			shellScript = "#sh scripts/DocScripts/doxygen.sh";
		};
		F89618D30A7D77CF00F93E26 /* ShellScript */ = {
			isa = PBXShellScriptBuildPhase;
			buildActionMask = 2147483647;
			files = (
			);
			inputPaths = (
			);
			outputPaths = (
			);
			runOnlyForDeploymentPostprocessing = 0;
			shellPath = /bin/sh;
			shellScript = "#python Scripts/BuildScripts/buildopensource.py";
		};
/* End PBXShellScriptBuildPhase section */

/* Begin PBXSourcesBuildPhase section */
		8DC2EF540486A6940098B216 /* Sources */ = {
			isa = PBXSourcesBuildPhase;
			buildActionMask = 2147483647;
			files = (
				CC3D54241108E7F700EEEF77 /* FMDatabase.m in Sources */,
				CC3D54261108E7F700EEEF77 /* FMDatabaseAdditions.m in Sources */,
				CC3D54281108E7F700EEEF77 /* FMResultSet.m in Sources */,
				CC877CA6110ABBA2005ECF65 /* LBSMTPConnection.m in Sources */,
				CC877CA8110ABBA2005ECF65 /* LBSMTP.m in Sources */,
				CC877CAA110ABBA2005ECF65 /* LBESMTP.m in Sources */,
				CC877CC2110ABBC7005ECF65 /* LBMIMEFactory.m in Sources */,
				CC877CC4110ABBC7005ECF65 /* LBMIME.m in Sources */,
				CC877CC6110ABBC7005ECF65 /* LBMIME_TextPart.m in Sources */,
				CC877CC8110ABBC7005ECF65 /* LBMIME_SinglePart.m in Sources */,
				CC877CCA110ABBC7005ECF65 /* LBMIME_MultiPart.m in Sources */,
				CC877CCC110ABBC7005ECF65 /* LBMIME_MessagePart.m in Sources */,
				CC877CCE110ABBC7005ECF65 /* LBMIME_Enumerator.m in Sources */,
				CC877CE4110ABC04005ECF65 /* LetterBoxUtilities.m in Sources */,
				CC877CE8110ABC04005ECF65 /* LBServer.m in Sources */,
				CC877CEA110ABC04005ECF65 /* LBMessage.m in Sources */,
				CC877CEC110ABC04005ECF65 /* LBFolder.m in Sources */,
				CC877CEE110ABC04005ECF65 /* LBBareMessage.m in Sources */,
				CC877CF0110ABC04005ECF65 /* LBBareAttachment.m in Sources */,
				CC877CF2110ABC04005ECF65 /* LBAttachment.m in Sources */,
				CC877CF4110ABC04005ECF65 /* LBAddress.m in Sources */,
				CC877CF6110ABC04005ECF65 /* LBAccount.m in Sources */,
				CC877CFA110ABC1D005ECF65 /* JRLog.m in Sources */,
				CCD58CD6110BD9A30077F572 /* LBIMAPConnection.m in Sources */,
			);
			runOnlyForDeploymentPostprocessing = 0;
		};
		F82D7C7D0F48AC8500ADA65C /* Sources */ = {
			isa = PBXSourcesBuildPhase;
			buildActionMask = 2147483647;
			files = (
				96FE05E0110D745100B03DC3 /* LBBareMessageTests.m in Sources */,
				96FE05E2110D745100B03DC3 /* LBCoreAddressTests.m in Sources */,
				96FE05E3110D745100B03DC3 /* LBCoreAttachmentTests.m in Sources */,
				96FE05A8110D728D00B03DC3 /* LBCoreMessageTests.m in Sources */,
				96FE05D7110D73CE00B03DC3 /* LBMIMETests.m in Sources */,
			);
			runOnlyForDeploymentPostprocessing = 0;
		};
/* End PBXSourcesBuildPhase section */

/* Begin PBXTargetDependency section */
		CC6D05E8110A488200D900E9 /* PBXTargetDependency */ = {
			isa = PBXTargetDependency;
			name = libetpan;
			targetProxy = CC6D05E7110A488200D900E9 /* PBXContainerItemProxy */;
		};
		CC6D0621110A4A5D00D900E9 /* PBXTargetDependency */ = {
			isa = PBXTargetDependency;
			name = "static libetpan";
			targetProxy = CC6D0620110A4A5D00D900E9 /* PBXContainerItemProxy */;
		};
		F82D7D230F48ACDA00ADA65C /* PBXTargetDependency */ = {
			isa = PBXTargetDependency;
			target = 8DC2EF4F0486A6940098B216 /* LetterBox */;
			targetProxy = F82D7D220F48ACDA00ADA65C /* PBXContainerItemProxy */;
		};
/* End PBXTargetDependency section */

/* Begin XCBuildConfiguration section */
		1DEB91AE08733DA50010E9CD /* Debug */ = {
			isa = XCBuildConfiguration;
			buildSettings = {
				COPY_PHASE_STRIP = NO;
				DYLIB_COMPATIBILITY_VERSION = 1;
				DYLIB_CURRENT_VERSION = 1;
				FRAMEWORK_SEARCH_PATHS = (
					"$(inherited)",
					"$(FRAMEWORK_SEARCH_PATHS_QUOTED_FOR_TARGET_1)",
					/builds/Debug,
					/builds/Release,
					"$(FRAMEWORK_SEARCH_PATHS_QUOTED_FOR_TARGET_2)",
				);
				FRAMEWORK_SEARCH_PATHS_QUOTED_FOR_TARGET_1 = "\"$(SRCROOT)/OpenSourceProjects/libetpan-0.58/build-mac/build/Release\"";
				FRAMEWORK_SEARCH_PATHS_QUOTED_FOR_TARGET_2 = "\"$(SRCROOT)/../build/Debug\"";
				FRAMEWORK_VERSION = A;
				GCC_DYNAMIC_NO_PIC = NO;
				GCC_ENABLE_FIX_AND_CONTINUE = YES;
				GCC_MODEL_TUNING = "";
				GCC_OPTIMIZATION_LEVEL = 0;
				GCC_PRECOMPILE_PREFIX_HEADER = YES;
				GCC_PREFIX_HEADER = source/LetterBox_Prefix.pch;
				INFOPLIST_FILE = resources/Info.plist;
				INSTALL_PATH = "@rpath";
				LIBRARY_SEARCH_PATHS = (
					"$(LIBRARY_SEARCH_PATHS)",
					"$(LIBRARY_SEARCH_PATHS_QUOTED_1)",
					"$(LIBRARY_SEARCH_PATHS_QUOTED_2)",
					/builds/Debug,
					/builds/Release,
				);
				LIBRARY_SEARCH_PATHS_QUOTED_1 = "\"$(SRCROOT)/OpenSourceProjects/build\"";
				OTHER_CFLAGS = "-DDEBUG";
				PRODUCT_NAME = LetterBox;
				WRAPPER_EXTENSION = framework;
			};
			name = Debug;
		};
		1DEB91AF08733DA50010E9CD /* Release */ = {
			isa = XCBuildConfiguration;
			buildSettings = {
				DYLIB_COMPATIBILITY_VERSION = 1;
				DYLIB_CURRENT_VERSION = 1;
				FRAMEWORK_SEARCH_PATHS = (
					"$(inherited)",
					"$(FRAMEWORK_SEARCH_PATHS_QUOTED_FOR_TARGET_1)",
					"$(FRAMEWORK_SEARCH_PATHS_QUOTED_FOR_TARGET_2)",
				);
				FRAMEWORK_SEARCH_PATHS_QUOTED_FOR_TARGET_1 = "\"$(SRCROOT)/OpenSourceProjects/libetpan-0.58/build-mac/build/Release\"";
				FRAMEWORK_SEARCH_PATHS_QUOTED_FOR_TARGET_2 = "\"$(SRCROOT)/../build/Debug\"";
				FRAMEWORK_VERSION = A;
				GCC_GENERATE_DEBUGGING_SYMBOLS = NO;
				GCC_PRECOMPILE_PREFIX_HEADER = YES;
				GCC_PREFIX_HEADER = source/LetterBox_Prefix.pch;
				INFOPLIST_FILE = resources/Info.plist;
				INSTALL_PATH = "@rpath";
				LIBRARY_SEARCH_PATHS = (
					"$(LIBRARY_SEARCH_PATHS)",
					"$(LIBRARY_SEARCH_PATHS_QUOTED_1)",
					"$(LIBRARY_SEARCH_PATHS_QUOTED_2)",
				);
				LIBRARY_SEARCH_PATHS_QUOTED_1 = "\"$(SRCROOT)/OpenSourceProjects/build\"";
				PRODUCT_NAME = LetterBox;
				STRIP_INSTALLED_PRODUCT = YES;
				WRAPPER_EXTENSION = framework;
			};
			name = Release;
		};
		1DEB91B208733DA50010E9CD /* Debug */ = {
			isa = XCBuildConfiguration;
			buildSettings = {
				ARCHS = "$(ARCHS_STANDARD_64_BIT_PRE_XCODE_3_1)";
				ARCHS_STANDARD_64_BIT_PRE_XCODE_3_1 = x86_64;
				GCC_C_LANGUAGE_STANDARD = "compiler-default";
				GCC_ENABLE_OBJC_EXCEPTIONS = YES;
				GCC_VERSION = com.apple.compilers.llvm.clang.1_0;
				GCC_WARN_ABOUT_RETURN_TYPE = YES;
				GCC_WARN_UNUSED_VARIABLE = YES;
				HEADER_SEARCH_PATHS = "libetpan/build-mac/include/**";
				LIBRARY_SEARCH_PATHS = "";
				PREBINDING = NO;
				SDKROOT = "$(DEVELOPER_SDK_DIR)/MacOSX10.6.sdk";
				SYMROOT = ../build;
			};
			name = Debug;
		};
		1DEB91B308733DA50010E9CD /* Release */ = {
			isa = XCBuildConfiguration;
			buildSettings = {
				ARCHS = "$(ARCHS_STANDARD_64_BIT_PRE_XCODE_3_1)";
				ARCHS_STANDARD_64_BIT_PRE_XCODE_3_1 = x86_64;
				DEAD_CODE_STRIPPING = YES;
				GCC_C_LANGUAGE_STANDARD = "compiler-default";
				GCC_ENABLE_OBJC_EXCEPTIONS = YES;
				GCC_VERSION = com.apple.compilers.llvm.clang.1_0;
				GCC_WARN_ABOUT_RETURN_TYPE = YES;
				GCC_WARN_UNUSED_VARIABLE = YES;
				HEADER_SEARCH_PATHS = "libetpan/build-mac/include/**";
				LIBRARY_SEARCH_PATHS = "";
				PREBINDING = NO;
				SDKROOT = "$(DEVELOPER_SDK_DIR)/MacOSX10.6.sdk";
				SYMROOT = ../build;
			};
			name = Release;
		};
		F82D7C820F48AC8500ADA65C /* Debug */ = {
			isa = XCBuildConfiguration;
			buildSettings = {
				ALWAYS_SEARCH_USER_PATHS = NO;
				COPY_PHASE_STRIP = NO;
				FRAMEWORK_SEARCH_PATHS = (
					"$(DEVELOPER_LIBRARY_DIR)/Frameworks",
					"$(FRAMEWORK_SEARCH_PATHS_QUOTED_FOR_TARGET_1)",
				);
				FRAMEWORK_SEARCH_PATHS_QUOTED_FOR_TARGET_1 = "\"$(SRCROOT)/OpenSourceProjects/libetpan-0.58/build-mac/build/Release\"";
				GCC_DYNAMIC_NO_PIC = NO;
				GCC_ENABLE_FIX_AND_CONTINUE = NO;
				GCC_ENABLE_OBJC_EXCEPTIONS = YES;
				GCC_MODEL_TUNING = G5;
				GCC_OPTIMIZATION_LEVEL = 0;
				GCC_PRECOMPILE_PREFIX_HEADER = YES;
				GCC_PREFIX_HEADER = "$(SYSTEM_LIBRARY_DIR)/Frameworks/Cocoa.framework/Headers/Cocoa.h";
				INFOPLIST_FILE = "resources/Tests-Info.plist";
				INSTALL_PATH = "$(USER_LIBRARY_DIR)/Bundles";
				OTHER_LDFLAGS = (
					"-framework",
					Cocoa,
					"-framework",
					SenTestingKit,
				);
				PREBINDING = NO;
				PRODUCT_NAME = Tests;
				WRAPPER_EXTENSION = octest;
			};
			name = Debug;
		};
		F82D7C830F48AC8500ADA65C /* Release */ = {
			isa = XCBuildConfiguration;
			buildSettings = {
				ALWAYS_SEARCH_USER_PATHS = NO;
				COPY_PHASE_STRIP = YES;
				DEBUG_INFORMATION_FORMAT = "dwarf-with-dsym";
				FRAMEWORK_SEARCH_PATHS = (
					"$(DEVELOPER_LIBRARY_DIR)/Frameworks",
					"$(FRAMEWORK_SEARCH_PATHS_QUOTED_FOR_TARGET_1)",
				);
				FRAMEWORK_SEARCH_PATHS_QUOTED_FOR_TARGET_1 = "\"$(SRCROOT)/OpenSourceProjects/libetpan-0.58/build-mac/build/Release\"";
				GCC_ENABLE_FIX_AND_CONTINUE = NO;
				GCC_ENABLE_OBJC_EXCEPTIONS = YES;
				GCC_MODEL_TUNING = G5;
				GCC_PRECOMPILE_PREFIX_HEADER = YES;
				GCC_PREFIX_HEADER = "$(SYSTEM_LIBRARY_DIR)/Frameworks/Cocoa.framework/Headers/Cocoa.h";
				INFOPLIST_FILE = "Tests-Info.plist";
				INSTALL_PATH = "$(USER_LIBRARY_DIR)/Bundles";
				OTHER_LDFLAGS = (
					"-framework",
					Cocoa,
					"-framework",
					SenTestingKit,
				);
				PREBINDING = NO;
				PRODUCT_NAME = Tests;
				WRAPPER_EXTENSION = octest;
				ZERO_LINK = NO;
			};
			name = Release;
		};
/* End XCBuildConfiguration section */

/* Begin XCConfigurationList section */
		1DEB91AD08733DA50010E9CD /* Build configuration list for PBXNativeTarget "LetterBox" */ = {
			isa = XCConfigurationList;
			buildConfigurations = (
				1DEB91AE08733DA50010E9CD /* Debug */,
				1DEB91AF08733DA50010E9CD /* Release */,
			);
			defaultConfigurationIsVisible = 0;
			defaultConfigurationName = Release;
		};
		1DEB91B108733DA50010E9CD /* Build configuration list for PBXProject "LetterBox" */ = {
			isa = XCConfigurationList;
			buildConfigurations = (
				1DEB91B208733DA50010E9CD /* Debug */,
				1DEB91B308733DA50010E9CD /* Release */,
			);
			defaultConfigurationIsVisible = 0;
			defaultConfigurationName = Release;
		};
		F82D7C840F48ACA300ADA65C /* Build configuration list for PBXNativeTarget "Tests" */ = {
			isa = XCConfigurationList;
			buildConfigurations = (
				F82D7C820F48AC8500ADA65C /* Debug */,
				F82D7C830F48AC8500ADA65C /* Release */,
			);
			defaultConfigurationIsVisible = 0;
			defaultConfigurationName = Release;
		};
/* End XCConfigurationList section */
	};
	rootObject = 0867D690FE84028FC02AAC07 /* Project object */;
}
